
Microsoft Visual Studio Solution File, Format Version 10.00
# Visual C++ Express 2008
Project("{8BC9CEB8-8B4A-11D0-8D11-00A0C91BC942}") = "libfcache", "libfcache\libfcache.vcproj", "{4E0DC45C-1C46-4772-BDB5-F79FC1BFB330}"
	ProjectSection(ProjectDependencies) = postProject
		{F480F61D-4950-4603-9F6F-F95ECC64A31C} = {F480F61D-4950-4603-9F6F-F95ECC64A31C}
		{5C1A1AC0-BA53-4E6C-8D81-0455443FED73} = {5C1A1AC0-BA53-4E6C-8D81-0455443FED73}
		{3EAA2B38-404A-4EE2-B675-8E39E41CEBAA} = {3EAA2B38-404A-4EE2-B675-8E39E41CEBAA}
	EndProjectSection
EndProject
Project("{8BC9CEB8-8B4A-11D0-8D11-00A0C91BC942}") = "libfguid", "libfguid\libfguid.vcproj", "{17B4F915-722A-4F8D-AD95-4D1ADD82F3D1}"
	ProjectSection(ProjectDependencies) = postProject
		{F480F61D-4950-4603-9F6F-F95ECC64A31C} = {F480F61D-4950-4603-9F6F-F95ECC64A31C}
	EndProjectSection
EndProject
Project("{8BC9CEB8-8B4A-11D0-8D11-00A0C91BC942}") = "fsapfs_test_btree_entry", "fsapfs_test_btree_entry\fsapfs_test_btree_entry.vcproj", "{B8EDED9B-8465-4D96-9C36-0339B9A7FA16}"
	ProjectSection(ProjectDependencies) = postProject
		{66956CAB-8580-4D29-AFA4-49E9934D9E42} = {66956CAB-8580-4D29-AFA4-49E9934D9E42}
		{F480F61D-4950-4603-9F6F-F95ECC64A31C} = {F480F61D-4950-4603-9F6F-F95ECC64A31C}
	EndProjectSection
EndProject
Project("{8BC9CEB8-8B4A-11D0-8D11-00A0C91BC942}") = "fsapfs_test_btree_footer", "fsapfs_test_btree_footer\fsapfs_test_btree_footer.vcproj", "{4C7E01E3-B067-4216-921F-593E07E6F843}"
	ProjectSection(ProjectDependencies) = postProject
		{66956CAB-8580-4D29-AFA4-49E9934D9E42} = {66956CAB-8580-4D29-AFA4-49E9934D9E42}
		{F480F61D-4950-4603-9F6F-F95ECC64A31C} = {F480F61D-4950-4603-9F6F-F95ECC64A31C}
	EndProjectSection
EndProject
Project("{8BC9CEB8-8B4A-11D0-8D11-00A0C91BC942}") = "fsapfs_test_btree_node", "fsapfs_test_btree_node\fsapfs_test_btree_node.vcproj", "{BDC063AD-1CAF-4D3E-AD0E-B25300C77A2B}"
	ProjectSection(ProjectDependencies) = postProject
		{66956CAB-8580-4D29-AFA4-49E9934D9E42} = {66956CAB-8580-4D29-AFA4-49E9934D9E42}
		{F480F61D-4950-4603-9F6F-F95ECC64A31C} = {F480F61D-4950-4603-9F6F-F95ECC64A31C}
	EndProjectSection
EndProject
Project("{8BC9CEB8-8B4A-11D0-8D11-00A0C91BC942}") = "fsapfs_test_btree_node_header", "fsapfs_test_btree_node_header\fsapfs_test_btree_node_header.vcproj", "{E3F76744-7415-4C05-9D98-43A40BF7D010}"
	ProjectSection(ProjectDependencies) = postProject
		{66956CAB-8580-4D29-AFA4-49E9934D9E42} = {66956CAB-8580-4D29-AFA4-49E9934D9E42}
		{F480F61D-4950-4603-9F6F-F95ECC64A31C} = {F480F61D-4950-4603-9F6F-F95ECC64A31C}
	EndProjectSection
EndProject
Project("{8BC9CEB8-8B4A-11D0-8D11-00A0C91BC942}") = "fsapfs_test_buffer_data_handle", "fsapfs_test_buffer_data_handle\fsapfs_test_buffer_data_handle.vcproj", "{942BD21F-A71A-4423-A6A1-B7F8BDBAB7F3}"
	ProjectSection(ProjectDependencies) = postProject
		{66956CAB-8580-4D29-AFA4-49E9934D9E42} = {66956CAB-8580-4D29-AFA4-49E9934D9E42}
		{F480F61D-4950-4603-9F6F-F95ECC64A31C} = {F480F61D-4950-4603-9F6F-F95ECC64A31C}
	EndProjectSection
EndProject
Project("{8BC9CEB8-8B4A-11D0-8D11-00A0C91BC942}") = "fsapfs_test_checkpoint_map", "fsapfs_test_checkpoint_map\fsapfs_test_checkpoint_map.vcproj", "{D843D749-9B47-4833-8643-B08EE7FB1DF3}"
	ProjectSection(ProjectDependencies) = postProject
		{ABB04F9A-768A-4F12-9751-65A0E2F81229} = {ABB04F9A-768A-4F12-9751-65A0E2F81229}
		{D9CF8B05-7395-4338-BAC5-124E72335F21} = {D9CF8B05-7395-4338-BAC5-124E72335F21}
		{ABF4D2D6-8EFB-4A8E-815C-C831C9CA3EF2} = {ABF4D2D6-8EFB-4A8E-815C-C831C9CA3EF2}
		{75064AFE-F331-40B7-AB9C-F0040C889610} = {75064AFE-F331-40B7-AB9C-F0040C889610}
		{4B0DA96F-94B6-4904-9701-3A9371E8914E} = {4B0DA96F-94B6-4904-9701-3A9371E8914E}
		{8AA44886-07A3-430D-90E0-F622A051A571} = {8AA44886-07A3-430D-90E0-F622A051A571}
		{670BD730-824A-4304-81D7-DF5B5AE5340C} = {670BD730-824A-4304-81D7-DF5B5AE5340C}
		{3EAA2B38-404A-4EE2-B675-8E39E41CEBAA} = {3EAA2B38-404A-4EE2-B675-8E39E41CEBAA}
		{66956CAB-8580-4D29-AFA4-49E9934D9E42} = {66956CAB-8580-4D29-AFA4-49E9934D9E42}
		{F480F61D-4950-4603-9F6F-F95ECC64A31C} = {F480F61D-4950-4603-9F6F-F95ECC64A31C}
	EndProjectSection
EndProject
Project("{8BC9CEB8-8B4A-11D0-8D11-00A0C91BC942}") = "fsapfs_test_checkpoint_map_entry", "fsapfs_test_checkpoint_map_entry\fsapfs_test_checkpoint_map_entry.vcproj", "{697E653E-2AC0-4CBC-9ADD-28E97BF4A4EE}"
	ProjectSection(ProjectDependencies) = postProject
		{66956CAB-8580-4D29-AFA4-49E9934D9E42} = {66956CAB-8580-4D29-AFA4-49E9934D9E42}
		{F480F61D-4950-4603-9F6F-F95ECC64A31C} = {F480F61D-4950-4603-9F6F-F95ECC64A31C}
	EndProjectSection
EndProject
Project("{8BC9CEB8-8B4A-11D0-8D11-00A0C91BC942}") = "fsapfs_test_checksum", "fsapfs_test_checksum\fsapfs_test_checksum.vcproj", "{54670300-9762-426C-9A05-EE0028AD8081}"
	ProjectSection(ProjectDependencies) = postProject
		{66956CAB-8580-4D29-AFA4-49E9934D9E42} = {66956CAB-8580-4D29-AFA4-49E9934D9E42}
		{F480F61D-4950-4603-9F6F-F95ECC64A31C} = {F480F61D-4950-4603-9F6F-F95ECC64A31C}
	EndProjectSection
EndProject
Project("{8BC9CEB8-8B4A-11D0-8D11-00A0C91BC942}") = "fsapfs_test_chunk_information_block", "fsapfs_test_chunk_information_block\fsapfs_test_chunk_information_block.vcproj", "{69BD1901-531F-449B-B57C-A72A046CEB96}"
	ProjectSection(ProjectDependencies) = postProject
		{ABB04F9A-768A-4F12-9751-65A0E2F81229} = {ABB04F9A-768A-4F12-9751-65A0E2F81229}
		{D9CF8B05-7395-4338-BAC5-124E72335F21} = {D9CF8B05-7395-4338-BAC5-124E72335F21}
		{ABF4D2D6-8EFB-4A8E-815C-C831C9CA3EF2} = {ABF4D2D6-8EFB-4A8E-815C-C831C9CA3EF2}
		{75064AFE-F331-40B7-AB9C-F0040C889610} = {75064AFE-F331-40B7-AB9C-F0040C889610}
		{4B0DA96F-94B6-4904-9701-3A9371E8914E} = {4B0DA96F-94B6-4904-9701-3A9371E8914E}
		{8AA44886-07A3-430D-90E0-F622A051A571} = {8AA44886-07A3-430D-90E0-F622A051A571}
		{670BD730-824A-4304-81D7-DF5B5AE5340C} = {670BD730-824A-4304-81D7-DF5B5AE5340C}
		{3EAA2B38-404A-4EE2-B675-8E39E41CEBAA} = {3EAA2B38-404A-4EE2-B675-8E39E41CEBAA}
		{66956CAB-8580-4D29-AFA4-49E9934D9E42} = {66956CAB-8580-4D29-AFA4-49E9934D9E42}
		{F480F61D-4950-4603-9F6F-F95ECC64A31C} = {F480F61D-4950-4603-9F6F-F95ECC64A31C}
	EndProjectSection
EndProject
Project("{8BC9CEB8-8B4A-11D0-8D11-00A0C91BC942}") = "fsapfs_test_compressed_data_handle", "fsapfs_test_compressed_data_handle\fsapfs_test_compressed_data_handle.vcproj", "{0759FC1E-239B-4AA8-90E0-3DD006550AFE}"
	ProjectSection(ProjectDependencies) = postProject
		{F5128A58-D76A-4625-958F-5150D0CAC45C} = {F5128A58-D76A-4625-958F-5150D0CAC45C}
		{8AA44886-07A3-430D-90E0-F622A051A571} = {8AA44886-07A3-430D-90E0-F622A051A571}
		{3EAA2B38-404A-4EE2-B675-8E39E41CEBAA} = {3EAA2B38-404A-4EE2-B675-8E39E41CEBAA}
		{66956CAB-8580-4D29-AFA4-49E9934D9E42} = {66956CAB-8580-4D29-AFA4-49E9934D9E42}
		{F480F61D-4950-4603-9F6F-F95ECC64A31C} = {F480F61D-4950-4603-9F6F-F95ECC64A31C}
	EndProjectSection
EndProject
Project("{8BC9CEB8-8B4A-11D0-8D11-00A0C91BC942}") = "fsapfs_test_compression", "fsapfs_test_compression\fsapfs_test_compression.vcproj", "{B9D1B260-1F43-4916-B8DC-E9A9A8D98496}"
	ProjectSection(ProjectDependencies) = postProject
		{66956CAB-8580-4D29-AFA4-49E9934D9E42} = {66956CAB-8580-4D29-AFA4-49E9934D9E42}
		{F480F61D-4950-4603-9F6F-F95ECC64A31C} = {F480F61D-4950-4603-9F6F-F95ECC64A31C}
	EndProjectSection
EndProject
Project("{8BC9CEB8-8B4A-11D0-8D11-00A0C91BC942}") = "fsapfs_test_container", "fsapfs_test_container\fsapfs_test_container.vcproj", "{C02ED8FC-1AC6-46CB-A0A2-F41B8ECFCA67}"
	ProjectSection(ProjectDependencies) = postProject
		{ABB04F9A-768A-4F12-9751-65A0E2F81229} = {ABB04F9A-768A-4F12-9751-65A0E2F81229}
		{D9CF8B05-7395-4338-BAC5-124E72335F21} = {D9CF8B05-7395-4338-BAC5-124E72335F21}
		{ABF4D2D6-8EFB-4A8E-815C-C831C9CA3EF2} = {ABF4D2D6-8EFB-4A8E-815C-C831C9CA3EF2}
		{75064AFE-F331-40B7-AB9C-F0040C889610} = {75064AFE-F331-40B7-AB9C-F0040C889610}
		{4B0DA96F-94B6-4904-9701-3A9371E8914E} = {4B0DA96F-94B6-4904-9701-3A9371E8914E}
		{8AA44886-07A3-430D-90E0-F622A051A571} = {8AA44886-07A3-430D-90E0-F622A051A571}
		{670BD730-824A-4304-81D7-DF5B5AE5340C} = {670BD730-824A-4304-81D7-DF5B5AE5340C}
		{3EAA2B38-404A-4EE2-B675-8E39E41CEBAA} = {3EAA2B38-404A-4EE2-B675-8E39E41CEBAA}
		{66956CAB-8580-4D29-AFA4-49E9934D9E42} = {66956CAB-8580-4D29-AFA4-49E9934D9E42}
		{5C1A1AC0-BA53-4E6C-8D81-0455443FED73} = {5C1A1AC0-BA53-4E6C-8D81-0455443FED73}
		{F480F61D-4950-4603-9F6F-F95ECC64A31C} = {F480F61D-4950-4603-9F6F-F95ECC64A31C}
	EndProjectSection
EndProject
Project("{8BC9CEB8-8B4A-11D0-8D11-00A0C91BC942}") = "fsapfs_test_container_data_handle", "fsapfs_test_container_data_handle\fsapfs_test_container_data_handle.vcproj", "{BE397303-FDBC-4D45-A9F2-BC1F3C29B05F}"
	ProjectSection(ProjectDependencies) = postProject
		{66956CAB-8580-4D29-AFA4-49E9934D9E42} = {66956CAB-8580-4D29-AFA4-49E9934D9E42}
		{F480F61D-4950-4603-9F6F-F95ECC64A31C} = {F480F61D-4950-4603-9F6F-F95ECC64A31C}
	EndProjectSection
EndProject
Project("{8BC9CEB8-8B4A-11D0-8D11-00A0C91BC942}") = "fsapfs_test_container_key_bag", "fsapfs_test_container_key_bag\fsapfs_test_container_key_bag.vcproj", "{9F5877C6-FA1B-4B54-9A05-CDFA8701A1B4}"
	ProjectSection(ProjectDependencies) = postProject
		{ABB04F9A-768A-4F12-9751-65A0E2F81229} = {ABB04F9A-768A-4F12-9751-65A0E2F81229}
		{D9CF8B05-7395-4338-BAC5-124E72335F21} = {D9CF8B05-7395-4338-BAC5-124E72335F21}
		{ABF4D2D6-8EFB-4A8E-815C-C831C9CA3EF2} = {ABF4D2D6-8EFB-4A8E-815C-C831C9CA3EF2}
		{75064AFE-F331-40B7-AB9C-F0040C889610} = {75064AFE-F331-40B7-AB9C-F0040C889610}
		{4B0DA96F-94B6-4904-9701-3A9371E8914E} = {4B0DA96F-94B6-4904-9701-3A9371E8914E}
		{8AA44886-07A3-430D-90E0-F622A051A571} = {8AA44886-07A3-430D-90E0-F622A051A571}
		{670BD730-824A-4304-81D7-DF5B5AE5340C} = {670BD730-824A-4304-81D7-DF5B5AE5340C}
		{3EAA2B38-404A-4EE2-B675-8E39E41CEBAA} = {3EAA2B38-404A-4EE2-B675-8E39E41CEBAA}
		{66956CAB-8580-4D29-AFA4-49E9934D9E42} = {66956CAB-8580-4D29-AFA4-49E9934D9E42}
		{F480F61D-4950-4603-9F6F-F95ECC64A31C} = {F480F61D-4950-4603-9F6F-F95ECC64A31C}
	EndProjectSection
EndProject
Project("{8BC9CEB8-8B4A-11D0-8D11-00A0C91BC942}") = "fsapfs_test_container_reaper", "fsapfs_test_container_reaper\fsapfs_test_container_reaper.vcproj", "{B8C75A64-9CE8-4CCF-B6B8-F7DA658AB6E2}"
	ProjectSection(ProjectDependencies) = postProject
		{ABB04F9A-768A-4F12-9751-65A0E2F81229} = {ABB04F9A-768A-4F12-9751-65A0E2F81229}
		{D9CF8B05-7395-4338-BAC5-124E72335F21} = {D9CF8B05-7395-4338-BAC5-124E72335F21}
		{ABF4D2D6-8EFB-4A8E-815C-C831C9CA3EF2} = {ABF4D2D6-8EFB-4A8E-815C-C831C9CA3EF2}
		{75064AFE-F331-40B7-AB9C-F0040C889610} = {75064AFE-F331-40B7-AB9C-F0040C889610}
		{4B0DA96F-94B6-4904-9701-3A9371E8914E} = {4B0DA96F-94B6-4904-9701-3A9371E8914E}
		{8AA44886-07A3-430D-90E0-F622A051A571} = {8AA44886-07A3-430D-90E0-F622A051A571}
		{670BD730-824A-4304-81D7-DF5B5AE5340C} = {670BD730-824A-4304-81D7-DF5B5AE5340C}
		{3EAA2B38-404A-4EE2-B675-8E39E41CEBAA} = {3EAA2B38-404A-4EE2-B675-8E39E41CEBAA}
		{66956CAB-8580-4D29-AFA4-49E9934D9E42} = {66956CAB-8580-4D29-AFA4-49E9934D9E42}
		{F480F61D-4950-4603-9F6F-F95ECC64A31C} = {F480F61D-4950-4603-9F6F-F95ECC64A31C}
	EndProjectSection
EndProject
Project("{8BC9CEB8-8B4A-11D0-8D11-00A0C91BC942}") = "fsapfs_test_container_superblock", "fsapfs_test_container_superblock\fsapfs_test_container_superblock.vcproj", "{301E1DCF-F551-40A4-9D0D-E07D48322C15}"
	ProjectSection(ProjectDependencies) = postProject
		{ABB04F9A-768A-4F12-9751-65A0E2F81229} = {ABB04F9A-768A-4F12-9751-65A0E2F81229}
		{D9CF8B05-7395-4338-BAC5-124E72335F21} = {D9CF8B05-7395-4338-BAC5-124E72335F21}
		{ABF4D2D6-8EFB-4A8E-815C-C831C9CA3EF2} = {ABF4D2D6-8EFB-4A8E-815C-C831C9CA3EF2}
		{75064AFE-F331-40B7-AB9C-F0040C889610} = {75064AFE-F331-40B7-AB9C-F0040C889610}
		{4B0DA96F-94B6-4904-9701-3A9371E8914E} = {4B0DA96F-94B6-4904-9701-3A9371E8914E}
		{8AA44886-07A3-430D-90E0-F622A051A571} = {8AA44886-07A3-430D-90E0-F622A051A571}
		{670BD730-824A-4304-81D7-DF5B5AE5340C} = {670BD730-824A-4304-81D7-DF5B5AE5340C}
		{3EAA2B38-404A-4EE2-B675-8E39E41CEBAA} = {3EAA2B38-404A-4EE2-B675-8E39E41CEBAA}
		{66956CAB-8580-4D29-AFA4-49E9934D9E42} = {66956CAB-8580-4D29-AFA4-49E9934D9E42}
		{F480F61D-4950-4603-9F6F-F95ECC64A31C} = {F480F61D-4950-4603-9F6F-F95ECC64A31C}
	EndProjectSection
EndProject
Project("{8BC9CEB8-8B4A-11D0-8D11-00A0C91BC942}") = "fsapfs_test_data_block", "fsapfs_test_data_block\fsapfs_test_data_block.vcproj", "{546056DF-1F2C-4D7B-9368-0D0463FB9442}"
	ProjectSection(ProjectDependencies) = postProject
		{ABB04F9A-768A-4F12-9751-65A0E2F81229} = {ABB04F9A-768A-4F12-9751-65A0E2F81229}
		{D9CF8B05-7395-4338-BAC5-124E72335F21} = {D9CF8B05-7395-4338-BAC5-124E72335F21}
		{ABF4D2D6-8EFB-4A8E-815C-C831C9CA3EF2} = {ABF4D2D6-8EFB-4A8E-815C-C831C9CA3EF2}
		{75064AFE-F331-40B7-AB9C-F0040C889610} = {75064AFE-F331-40B7-AB9C-F0040C889610}
		{4B0DA96F-94B6-4904-9701-3A9371E8914E} = {4B0DA96F-94B6-4904-9701-3A9371E8914E}
		{8AA44886-07A3-430D-90E0-F622A051A571} = {8AA44886-07A3-430D-90E0-F622A051A571}
		{670BD730-824A-4304-81D7-DF5B5AE5340C} = {670BD730-824A-4304-81D7-DF5B5AE5340C}
		{3EAA2B38-404A-4EE2-B675-8E39E41CEBAA} = {3EAA2B38-404A-4EE2-B675-8E39E41CEBAA}
		{66956CAB-8580-4D29-AFA4-49E9934D9E42} = {66956CAB-8580-4D29-AFA4-49E9934D9E42}
		{F480F61D-4950-4603-9F6F-F95ECC64A31C} = {F480F61D-4950-4603-9F6F-F95ECC64A31C}
	EndProjectSection
EndProject
Project("{8BC9CEB8-8B4A-11D0-8D11-00A0C91BC942}") = "fsapfs_test_data_block_data_handle", "fsapfs_test_data_block_data_handle\fsapfs_test_data_block_data_handle.vcproj", "{06D2A2AC-D3A9-4657-92B2-CD3B7C366B97}"
	ProjectSection(ProjectDependencies) = postProject
		{ABB04F9A-768A-4F12-9751-65A0E2F81229} = {ABB04F9A-768A-4F12-9751-65A0E2F81229}
		{D9CF8B05-7395-4338-BAC5-124E72335F21} = {D9CF8B05-7395-4338-BAC5-124E72335F21}
		{ABF4D2D6-8EFB-4A8E-815C-C831C9CA3EF2} = {ABF4D2D6-8EFB-4A8E-815C-C831C9CA3EF2}
		{75064AFE-F331-40B7-AB9C-F0040C889610} = {75064AFE-F331-40B7-AB9C-F0040C889610}
		{4B0DA96F-94B6-4904-9701-3A9371E8914E} = {4B0DA96F-94B6-4904-9701-3A9371E8914E}
		{8AA44886-07A3-430D-90E0-F622A051A571} = {8AA44886-07A3-430D-90E0-F622A051A571}
		{670BD730-824A-4304-81D7-DF5B5AE5340C} = {670BD730-824A-4304-81D7-DF5B5AE5340C}
		{3EAA2B38-404A-4EE2-B675-8E39E41CEBAA} = {3EAA2B38-404A-4EE2-B675-8E39E41CEBAA}
		{66956CAB-8580-4D29-AFA4-49E9934D9E42} = {66956CAB-8580-4D29-AFA4-49E9934D9E42}
		{F480F61D-4950-4603-9F6F-F95ECC64A31C} = {F480F61D-4950-4603-9F6F-F95ECC64A31C}
	EndProjectSection
EndProject
Project("{8BC9CEB8-8B4A-11D0-8D11-00A0C91BC942}") = "fsapfs_test_data_block_vector", "fsapfs_test_data_block_vector\fsapfs_test_data_block_vector.vcproj", "{ECDCDC0D-5D80-40E2-93FB-E0D6231E298B}"
	ProjectSection(ProjectDependencies) = postProject
		{F5128A58-D76A-4625-958F-5150D0CAC45C} = {F5128A58-D76A-4625-958F-5150D0CAC45C}
		{3EAA2B38-404A-4EE2-B675-8E39E41CEBAA} = {3EAA2B38-404A-4EE2-B675-8E39E41CEBAA}
		{66956CAB-8580-4D29-AFA4-49E9934D9E42} = {66956CAB-8580-4D29-AFA4-49E9934D9E42}
		{F480F61D-4950-4603-9F6F-F95ECC64A31C} = {F480F61D-4950-4603-9F6F-F95ECC64A31C}
	EndProjectSection
EndProject
Project("{8BC9CEB8-8B4A-11D0-8D11-00A0C91BC942}") = "fsapfs_test_data_stream", "fsapfs_test_data_stream\fsapfs_test_data_stream.vcproj", "{9A9F6AF5-3D97-469B-8BA4-CE611A595A05}"
	ProjectSection(ProjectDependencies) = postProject
		{F5128A58-D76A-4625-958F-5150D0CAC45C} = {F5128A58-D76A-4625-958F-5150D0CAC45C}
		{66956CAB-8580-4D29-AFA4-49E9934D9E42} = {66956CAB-8580-4D29-AFA4-49E9934D9E42}
		{F480F61D-4950-4603-9F6F-F95ECC64A31C} = {F480F61D-4950-4603-9F6F-F95ECC64A31C}
	EndProjectSection
EndProject
Project("{8BC9CEB8-8B4A-11D0-8D11-00A0C91BC942}") = "fsapfs_test_deflate", "fsapfs_test_deflate\fsapfs_test_deflate.vcproj", "{E431B8FB-4EA2-445A-BDD0-AF0AD64F4694}"
	ProjectSection(ProjectDependencies) = postProject
		{8AA44886-07A3-430D-90E0-F622A051A571} = {8AA44886-07A3-430D-90E0-F622A051A571}
		{66956CAB-8580-4D29-AFA4-49E9934D9E42} = {66956CAB-8580-4D29-AFA4-49E9934D9E42}
		{F480F61D-4950-4603-9F6F-F95ECC64A31C} = {F480F61D-4950-4603-9F6F-F95ECC64A31C}
	EndProjectSection
EndProject
Project("{8BC9CEB8-8B4A-11D0-8D11-00A0C91BC942}") = "fsapfs_test_directory_record", "fsapfs_test_directory_record\fsapfs_test_directory_record.vcproj", "{808897C3-261A-4998-B768-1D94B39BD822}"
	ProjectSection(ProjectDependencies) = postProject
		{66956CAB-8580-4D29-AFA4-49E9934D9E42} = {66956CAB-8580-4D29-AFA4-49E9934D9E42}
		{F480F61D-4950-4603-9F6F-F95ECC64A31C} = {F480F61D-4950-4603-9F6F-F95ECC64A31C}
	EndProjectSection
EndProject
Project("{8BC9CEB8-8B4A-11D0-8D11-00A0C91BC942}") = "fsapfs_test_encryption_context", "fsapfs_test_encryption_context\fsapfs_test_encryption_context.vcproj", "{A0204F26-F689-478E-9B17-133EA204578A}"
	ProjectSection(ProjectDependencies) = postProject
		{66956CAB-8580-4D29-AFA4-49E9934D9E42} = {66956CAB-8580-4D29-AFA4-49E9934D9E42}
		{F480F61D-4950-4603-9F6F-F95ECC64A31C} = {F480F61D-4950-4603-9F6F-F95ECC64A31C}
	EndProjectSection
EndProject
Project("{8BC9CEB8-8B4A-11D0-8D11-00A0C91BC942}") = "fsapfs_test_error", "fsapfs_test_error\fsapfs_test_error.vcproj", "{497F83A7-47D7-43A7-BC60-58C1D35477C1}"
	ProjectSection(ProjectDependencies) = postProject
		{66956CAB-8580-4D29-AFA4-49E9934D9E42} = {66956CAB-8580-4D29-AFA4-49E9934D9E42}
	EndProjectSection
EndProject
Project("{8BC9CEB8-8B4A-11D0-8D11-00A0C91BC942}") = "fsapfs_test_extended_attribute", "fsapfs_test_extended_attribute\fsapfs_test_extended_attribute.vcproj", "{7B7D2790-992D-4C71-9A46-686C74BF70E7}"
	ProjectSection(ProjectDependencies) = postProject
		{66956CAB-8580-4D29-AFA4-49E9934D9E42} = {66956CAB-8580-4D29-AFA4-49E9934D9E42}
		{F480F61D-4950-4603-9F6F-F95ECC64A31C} = {F480F61D-4950-4603-9F6F-F95ECC64A31C}
	EndProjectSection
EndProject
Project("{8BC9CEB8-8B4A-11D0-8D11-00A0C91BC942}") = "fsapfs_test_extent_reference_tree", "fsapfs_test_extent_reference_tree\fsapfs_test_extent_reference_tree.vcproj", "{C8C6C2DC-521B-4CCB-B383-447ED2A5666A}"
	ProjectSection(ProjectDependencies) = postProject
		{66956CAB-8580-4D29-AFA4-49E9934D9E42} = {66956CAB-8580-4D29-AFA4-49E9934D9E42}
		{F480F61D-4950-4603-9F6F-F95ECC64A31C} = {F480F61D-4950-4603-9F6F-F95ECC64A31C}
	EndProjectSection
EndProject
Project("{8BC9CEB8-8B4A-11D0-8D11-00A0C91BC942}") = "fsapfs_test_file_extent", "fsapfs_test_file_extent\fsapfs_test_file_extent.vcproj", "{BD7EB542-B085-4FF4-9BA8-0E041B564076}"
	ProjectSection(ProjectDependencies) = postProject
		{66956CAB-8580-4D29-AFA4-49E9934D9E42} = {66956CAB-8580-4D29-AFA4-49E9934D9E42}
		{F480F61D-4950-4603-9F6F-F95ECC64A31C} = {F480F61D-4950-4603-9F6F-F95ECC64A31C}
	EndProjectSection
EndProject
Project("{8BC9CEB8-8B4A-11D0-8D11-00A0C91BC942}") = "fsapfs_test_file_system_btree", "fsapfs_test_file_system_btree\fsapfs_test_file_system_btree.vcproj", "{FDEBC536-EE09-4CC9-8255-315A3AEC3371}"
	ProjectSection(ProjectDependencies) = postProject
		{ABB04F9A-768A-4F12-9751-65A0E2F81229} = {ABB04F9A-768A-4F12-9751-65A0E2F81229}
		{D9CF8B05-7395-4338-BAC5-124E72335F21} = {D9CF8B05-7395-4338-BAC5-124E72335F21}
		{ABF4D2D6-8EFB-4A8E-815C-C831C9CA3EF2} = {ABF4D2D6-8EFB-4A8E-815C-C831C9CA3EF2}
		{75064AFE-F331-40B7-AB9C-F0040C889610} = {75064AFE-F331-40B7-AB9C-F0040C889610}
		{4B0DA96F-94B6-4904-9701-3A9371E8914E} = {4B0DA96F-94B6-4904-9701-3A9371E8914E}
		{8AA44886-07A3-430D-90E0-F622A051A571} = {8AA44886-07A3-430D-90E0-F622A051A571}
		{670BD730-824A-4304-81D7-DF5B5AE5340C} = {670BD730-824A-4304-81D7-DF5B5AE5340C}
		{3EAA2B38-404A-4EE2-B675-8E39E41CEBAA} = {3EAA2B38-404A-4EE2-B675-8E39E41CEBAA}
		{66956CAB-8580-4D29-AFA4-49E9934D9E42} = {66956CAB-8580-4D29-AFA4-49E9934D9E42}
		{F480F61D-4950-4603-9F6F-F95ECC64A31C} = {F480F61D-4950-4603-9F6F-F95ECC64A31C}
	EndProjectSection
EndProject
Project("{8BC9CEB8-8B4A-11D0-8D11-00A0C91BC942}") = "fsapfs_test_file_system_data_handle", "fsapfs_test_file_system_data_handle\fsapfs_test_file_system_data_handle.vcproj", "{893381E9-0556-4472-BA4E-DA28153E6996}"
	ProjectSection(ProjectDependencies) = postProject
		{66956CAB-8580-4D29-AFA4-49E9934D9E42} = {66956CAB-8580-4D29-AFA4-49E9934D9E42}
		{F480F61D-4950-4603-9F6F-F95ECC64A31C} = {F480F61D-4950-4603-9F6F-F95ECC64A31C}
	EndProjectSection
EndProject
Project("{8BC9CEB8-8B4A-11D0-8D11-00A0C91BC942}") = "fsapfs_test_inode", "fsapfs_test_inode\fsapfs_test_inode.vcproj", "{05349DB9-A9BC-40C7-844E-FDB7E6CED809}"
	ProjectSection(ProjectDependencies) = postProject
		{66956CAB-8580-4D29-AFA4-49E9934D9E42} = {66956CAB-8580-4D29-AFA4-49E9934D9E42}
		{F480F61D-4950-4603-9F6F-F95ECC64A31C} = {F480F61D-4950-4603-9F6F-F95ECC64A31C}
	EndProjectSection
EndProject
Project("{8BC9CEB8-8B4A-11D0-8D11-00A0C91BC942}") = "fsapfs_test_io_handle", "fsapfs_test_io_handle\fsapfs_test_io_handle.vcproj", "{029652D2-6E4D-4F98-85FE-1E9A5FD40655}"
	ProjectSection(ProjectDependencies) = postProject
		{66956CAB-8580-4D29-AFA4-49E9934D9E42} = {66956CAB-8580-4D29-AFA4-49E9934D9E42}
		{F480F61D-4950-4603-9F6F-F95ECC64A31C} = {F480F61D-4950-4603-9F6F-F95ECC64A31C}
	EndProjectSection
EndProject
Project("{8BC9CEB8-8B4A-11D0-8D11-00A0C91BC942}") = "fsapfs_test_key_bag_entry", "fsapfs_test_key_bag_entry\fsapfs_test_key_bag_entry.vcproj", "{A6353B4A-3ECA-47E5-920E-FABF5E16E5D9}"
	ProjectSection(ProjectDependencies) = postProject
		{66956CAB-8580-4D29-AFA4-49E9934D9E42} = {66956CAB-8580-4D29-AFA4-49E9934D9E42}
		{F480F61D-4950-4603-9F6F-F95ECC64A31C} = {F480F61D-4950-4603-9F6F-F95ECC64A31C}
	EndProjectSection
EndProject
Project("{8BC9CEB8-8B4A-11D0-8D11-00A0C91BC942}") = "fsapfs_test_key_bag_header", "fsapfs_test_key_bag_header\fsapfs_test_key_bag_header.vcproj", "{E619F320-5922-4CE7-96B5-6F467B96FCA9}"
	ProjectSection(ProjectDependencies) = postProject
		{66956CAB-8580-4D29-AFA4-49E9934D9E42} = {66956CAB-8580-4D29-AFA4-49E9934D9E42}
		{F480F61D-4950-4603-9F6F-F95ECC64A31C} = {F480F61D-4950-4603-9F6F-F95ECC64A31C}
	EndProjectSection
EndProject
Project("{8BC9CEB8-8B4A-11D0-8D11-00A0C91BC942}") = "fsapfs_test_key_encrypted_key", "fsapfs_test_key_encrypted_key\fsapfs_test_key_encrypted_key.vcproj", "{E13FDA80-528E-4E07-BF9D-22C32DAC4EF6}"
	ProjectSection(ProjectDependencies) = postProject
		{66956CAB-8580-4D29-AFA4-49E9934D9E42} = {66956CAB-8580-4D29-AFA4-49E9934D9E42}
		{F480F61D-4950-4603-9F6F-F95ECC64A31C} = {F480F61D-4950-4603-9F6F-F95ECC64A31C}
	EndProjectSection
EndProject
Project("{8BC9CEB8-8B4A-11D0-8D11-00A0C91BC942}") = "fsapfs_test_name", "fsapfs_test_name\fsapfs_test_name.vcproj", "{F423DB05-48C6-4CCA-A624-52E022D1C7DE}"
	ProjectSection(ProjectDependencies) = postProject
		{66956CAB-8580-4D29-AFA4-49E9934D9E42} = {66956CAB-8580-4D29-AFA4-49E9934D9E42}
		{F480F61D-4950-4603-9F6F-F95ECC64A31C} = {F480F61D-4950-4603-9F6F-F95ECC64A31C}
	EndProjectSection
EndProject
Project("{8BC9CEB8-8B4A-11D0-8D11-00A0C91BC942}") = "fsapfs_test_name_hash", "fsapfs_test_name_hash\fsapfs_test_name_hash.vcproj", "{D2CF9901-13D4-4D6C-87C5-C8C35390AD17}"
	ProjectSection(ProjectDependencies) = postProject
		{66956CAB-8580-4D29-AFA4-49E9934D9E42} = {66956CAB-8580-4D29-AFA4-49E9934D9E42}
		{F480F61D-4950-4603-9F6F-F95ECC64A31C} = {F480F61D-4950-4603-9F6F-F95ECC64A31C}
	EndProjectSection
EndProject
Project("{8BC9CEB8-8B4A-11D0-8D11-00A0C91BC942}") = "fsapfs_test_notify", "fsapfs_test_notify\fsapfs_test_notify.vcproj", "{49561C06-C0D3-4782-BB53-724E7C6EC0C7}"
	ProjectSection(ProjectDependencies) = postProject
		{66956CAB-8580-4D29-AFA4-49E9934D9E42} = {66956CAB-8580-4D29-AFA4-49E9934D9E42}
		{F480F61D-4950-4603-9F6F-F95ECC64A31C} = {F480F61D-4950-4603-9F6F-F95ECC64A31C}
	EndProjectSection
EndProject
Project("{8BC9CEB8-8B4A-11D0-8D11-00A0C91BC942}") = "fsapfs_test_object", "fsapfs_test_object\fsapfs_test_object.vcproj", "{DACC43EE-AA77-4345-B18A-F2C60B300559}"
	ProjectSection(ProjectDependencies) = postProject
		{ABB04F9A-768A-4F12-9751-65A0E2F81229} = {ABB04F9A-768A-4F12-9751-65A0E2F81229}
		{D9CF8B05-7395-4338-BAC5-124E72335F21} = {D9CF8B05-7395-4338-BAC5-124E72335F21}
		{ABF4D2D6-8EFB-4A8E-815C-C831C9CA3EF2} = {ABF4D2D6-8EFB-4A8E-815C-C831C9CA3EF2}
		{75064AFE-F331-40B7-AB9C-F0040C889610} = {75064AFE-F331-40B7-AB9C-F0040C889610}
		{4B0DA96F-94B6-4904-9701-3A9371E8914E} = {4B0DA96F-94B6-4904-9701-3A9371E8914E}
		{8AA44886-07A3-430D-90E0-F622A051A571} = {8AA44886-07A3-430D-90E0-F622A051A571}
		{670BD730-824A-4304-81D7-DF5B5AE5340C} = {670BD730-824A-4304-81D7-DF5B5AE5340C}
		{3EAA2B38-404A-4EE2-B675-8E39E41CEBAA} = {3EAA2B38-404A-4EE2-B675-8E39E41CEBAA}
		{66956CAB-8580-4D29-AFA4-49E9934D9E42} = {66956CAB-8580-4D29-AFA4-49E9934D9E42}
		{F480F61D-4950-4603-9F6F-F95ECC64A31C} = {F480F61D-4950-4603-9F6F-F95ECC64A31C}
	EndProjectSection
EndProject
Project("{8BC9CEB8-8B4A-11D0-8D11-00A0C91BC942}") = "fsapfs_test_object_map", "fsapfs_test_object_map\fsapfs_test_object_map.vcproj", "{3774E757-22D9-4046-A2E0-0DF89ECB447F}"
	ProjectSection(ProjectDependencies) = postProject
		{ABB04F9A-768A-4F12-9751-65A0E2F81229} = {ABB04F9A-768A-4F12-9751-65A0E2F81229}
		{D9CF8B05-7395-4338-BAC5-124E72335F21} = {D9CF8B05-7395-4338-BAC5-124E72335F21}
		{ABF4D2D6-8EFB-4A8E-815C-C831C9CA3EF2} = {ABF4D2D6-8EFB-4A8E-815C-C831C9CA3EF2}
		{75064AFE-F331-40B7-AB9C-F0040C889610} = {75064AFE-F331-40B7-AB9C-F0040C889610}
		{4B0DA96F-94B6-4904-9701-3A9371E8914E} = {4B0DA96F-94B6-4904-9701-3A9371E8914E}
		{8AA44886-07A3-430D-90E0-F622A051A571} = {8AA44886-07A3-430D-90E0-F622A051A571}
		{670BD730-824A-4304-81D7-DF5B5AE5340C} = {670BD730-824A-4304-81D7-DF5B5AE5340C}
		{3EAA2B38-404A-4EE2-B675-8E39E41CEBAA} = {3EAA2B38-404A-4EE2-B675-8E39E41CEBAA}
		{66956CAB-8580-4D29-AFA4-49E9934D9E42} = {66956CAB-8580-4D29-AFA4-49E9934D9E42}
		{F480F61D-4950-4603-9F6F-F95ECC64A31C} = {F480F61D-4950-4603-9F6F-F95ECC64A31C}
	EndProjectSection
EndProject
Project("{8BC9CEB8-8B4A-11D0-8D11-00A0C91BC942}") = "fsapfs_test_object_map_btree", "fsapfs_test_object_map_btree\fsapfs_test_object_map_btree.vcproj", "{B7EE2B73-58EA-48CB-97B5-2F49EE1C6C23}"
	ProjectSection(ProjectDependencies) = postProject
		{ABB04F9A-768A-4F12-9751-65A0E2F81229} = {ABB04F9A-768A-4F12-9751-65A0E2F81229}
		{D9CF8B05-7395-4338-BAC5-124E72335F21} = {D9CF8B05-7395-4338-BAC5-124E72335F21}
		{ABF4D2D6-8EFB-4A8E-815C-C831C9CA3EF2} = {ABF4D2D6-8EFB-4A8E-815C-C831C9CA3EF2}
		{75064AFE-F331-40B7-AB9C-F0040C889610} = {75064AFE-F331-40B7-AB9C-F0040C889610}
		{4B0DA96F-94B6-4904-9701-3A9371E8914E} = {4B0DA96F-94B6-4904-9701-3A9371E8914E}
		{8AA44886-07A3-430D-90E0-F622A051A571} = {8AA44886-07A3-430D-90E0-F622A051A571}
		{670BD730-824A-4304-81D7-DF5B5AE5340C} = {670BD730-824A-4304-81D7-DF5B5AE5340C}
		{3EAA2B38-404A-4EE2-B675-8E39E41CEBAA} = {3EAA2B38-404A-4EE2-B675-8E39E41CEBAA}
		{66956CAB-8580-4D29-AFA4-49E9934D9E42} = {66956CAB-8580-4D29-AFA4-49E9934D9E42}
		{F480F61D-4950-4603-9F6F-F95ECC64A31C} = {F480F61D-4950-4603-9F6F-F95ECC64A31C}
	EndProjectSection
EndProject
Project("{8BC9CEB8-8B4A-11D0-8D11-00A0C91BC942}") = "fsapfs_test_object_map_descriptor", "fsapfs_test_object_map_descriptor\fsapfs_test_object_map_descriptor.vcproj", "{98CA92D4-AF28-40CE-A177-29BFA4B75677}"
	ProjectSection(ProjectDependencies) = postProject
		{66956CAB-8580-4D29-AFA4-49E9934D9E42} = {66956CAB-8580-4D29-AFA4-49E9934D9E42}
		{F480F61D-4950-4603-9F6F-F95ECC64A31C} = {F480F61D-4950-4603-9F6F-F95ECC64A31C}
	EndProjectSection
EndProject
Project("{8BC9CEB8-8B4A-11D0-8D11-00A0C91BC942}") = "fsapfs_test_profiler", "fsapfs_test_profiler\fsapfs_test_profiler.vcproj", "{465C2538-34DF-4167-9B6A-3715451864BA}"
	ProjectSection(ProjectDependencies) = postProject
		{66956CAB-8580-4D29-AFA4-49E9934D9E42} = {66956CAB-8580-4D29-AFA4-49E9934D9E42}
		{F480F61D-4950-4603-9F6F-F95ECC64A31C} = {F480F61D-4950-4603-9F6F-F95ECC64A31C}
	EndProjectSection
EndProject
Project("{8BC9CEB8-8B4A-11D0-8D11-00A0C91BC942}") = "fsapfs_test_snapshot", "fsapfs_test_snapshot\fsapfs_test_snapshot.vcproj", "{C9007CC6-9CCD-4FD6-AE12-9D21C5AB6502}"
	ProjectSection(ProjectDependencies) = postProject
		{66956CAB-8580-4D29-AFA4-49E9934D9E42} = {66956CAB-8580-4D29-AFA4-49E9934D9E42}
		{F480F61D-4950-4603-9F6F-F95ECC64A31C} = {F480F61D-4950-4603-9F6F-F95ECC64A31C}
	EndProjectSection
EndProject
Project("{8BC9CEB8-8B4A-11D0-8D11-00A0C91BC942}") = "fsapfs_test_snapshot_metadata", "fsapfs_test_snapshot_metadata\fsapfs_test_snapshot_metadata.vcproj", "{83A11D13-0FA1-4873-875A-E6C7EAF6C7EB}"
	ProjectSection(ProjectDependencies) = postProject
		{66956CAB-8580-4D29-AFA4-49E9934D9E42} = {66956CAB-8580-4D29-AFA4-49E9934D9E42}
		{F480F61D-4950-4603-9F6F-F95ECC64A31C} = {F480F61D-4950-4603-9F6F-F95ECC64A31C}
	EndProjectSection
EndProject
Project("{8BC9CEB8-8B4A-11D0-8D11-00A0C91BC942}") = "fsapfs_test_snapshot_metadata_tree", "fsapfs_test_snapshot_metadata_tree\fsapfs_test_snapshot_metadata_tree.vcproj", "{4F8ABFD9-0AF9-47FC-BF8F-F6884F4D3A3C}"
	ProjectSection(ProjectDependencies) = postProject
		{66956CAB-8580-4D29-AFA4-49E9934D9E42} = {66956CAB-8580-4D29-AFA4-49E9934D9E42}
		{F480F61D-4950-4603-9F6F-F95ECC64A31C} = {F480F61D-4950-4603-9F6F-F95ECC64A31C}
	EndProjectSection
EndProject
Project("{8BC9CEB8-8B4A-11D0-8D11-00A0C91BC942}") = "fsapfs_test_space_manager", "fsapfs_test_space_manager\fsapfs_test_space_manager.vcproj", "{E732C23E-8642-4EFA-A580-1E9D8E6DE090}"
	ProjectSection(ProjectDependencies) = postProject
		{ABB04F9A-768A-4F12-9751-65A0E2F81229} = {ABB04F9A-768A-4F12-9751-65A0E2F81229}
		{D9CF8B05-7395-4338-BAC5-124E72335F21} = {D9CF8B05-7395-4338-BAC5-124E72335F21}
		{ABF4D2D6-8EFB-4A8E-815C-C831C9CA3EF2} = {ABF4D2D6-8EFB-4A8E-815C-C831C9CA3EF2}
		{75064AFE-F331-40B7-AB9C-F0040C889610} = {75064AFE-F331-40B7-AB9C-F0040C889610}
		{4B0DA96F-94B6-4904-9701-3A9371E8914E} = {4B0DA96F-94B6-4904-9701-3A9371E8914E}
		{8AA44886-07A3-430D-90E0-F622A051A571} = {8AA44886-07A3-430D-90E0-F622A051A571}
		{670BD730-824A-4304-81D7-DF5B5AE5340C} = {670BD730-824A-4304-81D7-DF5B5AE5340C}
		{3EAA2B38-404A-4EE2-B675-8E39E41CEBAA} = {3EAA2B38-404A-4EE2-B675-8E39E41CEBAA}
		{66956CAB-8580-4D29-AFA4-49E9934D9E42} = {66956CAB-8580-4D29-AFA4-49E9934D9E42}
		{F480F61D-4950-4603-9F6F-F95ECC64A31C} = {F480F61D-4950-4603-9F6F-F95ECC64A31C}
	EndProjectSection
EndProject
Project("{8BC9CEB8-8B4A-11D0-8D11-00A0C91BC942}") = "fsapfs_test_support", "fsapfs_test_support\fsapfs_test_support.vcproj", "{D69E0261-FD4E-4E82-BC60-67E67C9DD8F7}"
	ProjectSection(ProjectDependencies) = postProject
		{ABB04F9A-768A-4F12-9751-65A0E2F81229} = {ABB04F9A-768A-4F12-9751-65A0E2F81229}
		{D9CF8B05-7395-4338-BAC5-124E72335F21} = {D9CF8B05-7395-4338-BAC5-124E72335F21}
		{ABF4D2D6-8EFB-4A8E-815C-C831C9CA3EF2} = {ABF4D2D6-8EFB-4A8E-815C-C831C9CA3EF2}
		{75064AFE-F331-40B7-AB9C-F0040C889610} = {75064AFE-F331-40B7-AB9C-F0040C889610}
		{4B0DA96F-94B6-4904-9701-3A9371E8914E} = {4B0DA96F-94B6-4904-9701-3A9371E8914E}
		{8AA44886-07A3-430D-90E0-F622A051A571} = {8AA44886-07A3-430D-90E0-F622A051A571}
		{670BD730-824A-4304-81D7-DF5B5AE5340C} = {670BD730-824A-4304-81D7-DF5B5AE5340C}
		{3EAA2B38-404A-4EE2-B675-8E39E41CEBAA} = {3EAA2B38-404A-4EE2-B675-8E39E41CEBAA}
		{66956CAB-8580-4D29-AFA4-49E9934D9E42} = {66956CAB-8580-4D29-AFA4-49E9934D9E42}
		{F480F61D-4950-4603-9F6F-F95ECC64A31C} = {F480F61D-4950-4603-9F6F-F95ECC64A31C}
	EndProjectSection
EndProject
Project("{8BC9CEB8-8B4A-11D0-8D11-00A0C91BC942}") = "fsapfs_test_volume", "fsapfs_test_volume\fsapfs_test_volume.vcproj", "{13978574-75C7-4EFC-9440-F9FBC38DD907}"
	ProjectSection(ProjectDependencies) = postProject
		{ABB04F9A-768A-4F12-9751-65A0E2F81229} = {ABB04F9A-768A-4F12-9751-65A0E2F81229}
		{D9CF8B05-7395-4338-BAC5-124E72335F21} = {D9CF8B05-7395-4338-BAC5-124E72335F21}
		{ABF4D2D6-8EFB-4A8E-815C-C831C9CA3EF2} = {ABF4D2D6-8EFB-4A8E-815C-C831C9CA3EF2}
		{75064AFE-F331-40B7-AB9C-F0040C889610} = {75064AFE-F331-40B7-AB9C-F0040C889610}
		{4B0DA96F-94B6-4904-9701-3A9371E8914E} = {4B0DA96F-94B6-4904-9701-3A9371E8914E}
		{8AA44886-07A3-430D-90E0-F622A051A571} = {8AA44886-07A3-430D-90E0-F622A051A571}
		{670BD730-824A-4304-81D7-DF5B5AE5340C} = {670BD730-824A-4304-81D7-DF5B5AE5340C}
		{3EAA2B38-404A-4EE2-B675-8E39E41CEBAA} = {3EAA2B38-404A-4EE2-B675-8E39E41CEBAA}
		{66956CAB-8580-4D29-AFA4-49E9934D9E42} = {66956CAB-8580-4D29-AFA4-49E9934D9E42}
		{5C1A1AC0-BA53-4E6C-8D81-0455443FED73} = {5C1A1AC0-BA53-4E6C-8D81-0455443FED73}
		{F480F61D-4950-4603-9F6F-F95ECC64A31C} = {F480F61D-4950-4603-9F6F-F95ECC64A31C}
	EndProjectSection
EndProject
Project("{8BC9CEB8-8B4A-11D0-8D11-00A0C91BC942}") = "fsapfs_test_volume_key_bag", "fsapfs_test_volume_key_bag\fsapfs_test_volume_key_bag.vcproj", "{C491D395-BCF3-44BD-8C71-30BB83576FE0}"
	ProjectSection(ProjectDependencies) = postProject
		{ABB04F9A-768A-4F12-9751-65A0E2F81229} = {ABB04F9A-768A-4F12-9751-65A0E2F81229}
		{D9CF8B05-7395-4338-BAC5-124E72335F21} = {D9CF8B05-7395-4338-BAC5-124E72335F21}
		{ABF4D2D6-8EFB-4A8E-815C-C831C9CA3EF2} = {ABF4D2D6-8EFB-4A8E-815C-C831C9CA3EF2}
		{75064AFE-F331-40B7-AB9C-F0040C889610} = {75064AFE-F331-40B7-AB9C-F0040C889610}
		{4B0DA96F-94B6-4904-9701-3A9371E8914E} = {4B0DA96F-94B6-4904-9701-3A9371E8914E}
		{8AA44886-07A3-430D-90E0-F622A051A571} = {8AA44886-07A3-430D-90E0-F622A051A571}
		{670BD730-824A-4304-81D7-DF5B5AE5340C} = {670BD730-824A-4304-81D7-DF5B5AE5340C}
		{3EAA2B38-404A-4EE2-B675-8E39E41CEBAA} = {3EAA2B38-404A-4EE2-B675-8E39E41CEBAA}
		{66956CAB-8580-4D29-AFA4-49E9934D9E42} = {66956CAB-8580-4D29-AFA4-49E9934D9E42}
		{F480F61D-4950-4603-9F6F-F95ECC64A31C} = {F480F61D-4950-4603-9F6F-F95ECC64A31C}
	EndProjectSection
EndProject
Project("{8BC9CEB8-8B4A-11D0-8D11-00A0C91BC942}") = "fsapfs_test_volume_superblock", "fsapfs_test_volume_superblock\fsapfs_test_volume_superblock.vcproj", "{84AB4ABE-3081-443F-9AF5-99B79F08D08F}"
	ProjectSection(ProjectDependencies) = postProject
		{ABB04F9A-768A-4F12-9751-65A0E2F81229} = {ABB04F9A-768A-4F12-9751-65A0E2F81229}
		{D9CF8B05-7395-4338-BAC5-124E72335F21} = {D9CF8B05-7395-4338-BAC5-124E72335F21}
		{ABF4D2D6-8EFB-4A8E-815C-C831C9CA3EF2} = {ABF4D2D6-8EFB-4A8E-815C-C831C9CA3EF2}
		{75064AFE-F331-40B7-AB9C-F0040C889610} = {75064AFE-F331-40B7-AB9C-F0040C889610}
		{4B0DA96F-94B6-4904-9701-3A9371E8914E} = {4B0DA96F-94B6-4904-9701-3A9371E8914E}
		{8AA44886-07A3-430D-90E0-F622A051A571} = {8AA44886-07A3-430D-90E0-F622A051A571}
		{670BD730-824A-4304-81D7-DF5B5AE5340C} = {670BD730-824A-4304-81D7-DF5B5AE5340C}
		{3EAA2B38-404A-4EE2-B675-8E39E41CEBAA} = {3EAA2B38-404A-4EE2-B675-8E39E41CEBAA}
		{66956CAB-8580-4D29-AFA4-49E9934D9E42} = {66956CAB-8580-4D29-AFA4-49E9934D9E42}
		{F480F61D-4950-4603-9F6F-F95ECC64A31C} = {F480F61D-4950-4603-9F6F-F95ECC64A31C}
	EndProjectSection
EndProject
Project("{8BC9CEB8-8B4A-11D0-8D11-00A0C91BC942}") = "libclocale", "libclocale\libclocale.vcproj", "{670BD730-824A-4304-81D7-DF5B5AE5340C}"
	ProjectSection(ProjectDependencies) = postProject
		{F480F61D-4950-4603-9F6F-F95ECC64A31C} = {F480F61D-4950-4603-9F6F-F95ECC64A31C}
	EndProjectSection
EndProject
Project("{8BC9CEB8-8B4A-11D0-8D11-00A0C91BC942}") = "libbfio", "libbfio\libbfio.vcproj", "{ABB04F9A-768A-4F12-9751-65A0E2F81229}"
	ProjectSection(ProjectDependencies) = postProject
		{F480F61D-4950-4603-9F6F-F95ECC64A31C} = {F480F61D-4950-4603-9F6F-F95ECC64A31C}
		{5C1A1AC0-BA53-4E6C-8D81-0455443FED73} = {5C1A1AC0-BA53-4E6C-8D81-0455443FED73}
		{670BD730-824A-4304-81D7-DF5B5AE5340C} = {670BD730-824A-4304-81D7-DF5B5AE5340C}
		{8AA44886-07A3-430D-90E0-F622A051A571} = {8AA44886-07A3-430D-90E0-F622A051A571}
		{3EAA2B38-404A-4EE2-B675-8E39E41CEBAA} = {3EAA2B38-404A-4EE2-B675-8E39E41CEBAA}
		{4B0DA96F-94B6-4904-9701-3A9371E8914E} = {4B0DA96F-94B6-4904-9701-3A9371E8914E}
		{ABF4D2D6-8EFB-4A8E-815C-C831C9CA3EF2} = {ABF4D2D6-8EFB-4A8E-815C-C831C9CA3EF2}
		{D9CF8B05-7395-4338-BAC5-124E72335F21} = {D9CF8B05-7395-4338-BAC5-124E72335F21}
		{75064AFE-F331-40B7-AB9C-F0040C889610} = {75064AFE-F331-40B7-AB9C-F0040C889610}
	EndProjectSection
EndProject
Project("{8BC9CEB8-8B4A-11D0-8D11-00A0C91BC942}") = "libcaes", "libcaes\libcaes.vcproj", "{429A8D84-27BE-4931-8490-9F5E8FD68A2C}"
	ProjectSection(ProjectDependencies) = postProject
		{F480F61D-4950-4603-9F6F-F95ECC64A31C} = {F480F61D-4950-4603-9F6F-F95ECC64A31C}
	EndProjectSection
EndProject
Project("{8BC9CEB8-8B4A-11D0-8D11-00A0C91BC942}") = "libfdatetime", "libfdatetime\libfdatetime.vcproj", "{9BA406EC-23C0-4A43-A97B-ACDA0D131DB4}"
	ProjectSection(ProjectDependencies) = postProject
		{F480F61D-4950-4603-9F6F-F95ECC64A31C} = {F480F61D-4950-4603-9F6F-F95ECC64A31C}
	EndProjectSection
EndProject
Project("{8BC9CEB8-8B4A-11D0-8D11-00A0C91BC942}") = "libcfile", "libcfile\libcfile.vcproj", "{ABF4D2D6-8EFB-4A8E-815C-C831C9CA3EF2}"
	ProjectSection(ProjectDependencies) = postProject
		{F480F61D-4950-4603-9F6F-F95ECC64A31C} = {F480F61D-4950-4603-9F6F-F95ECC64A31C}
		{670BD730-824A-4304-81D7-DF5B5AE5340C} = {670BD730-824A-4304-81D7-DF5B5AE5340C}
		{8AA44886-07A3-430D-90E0-F622A051A571} = {8AA44886-07A3-430D-90E0-F622A051A571}
		{75064AFE-F331-40B7-AB9C-F0040C889610} = {75064AFE-F331-40B7-AB9C-F0040C889610}
	EndProjectSection
EndProject
Project("{8BC9CEB8-8B4A-11D0-8D11-00A0C91BC942}") = "libcthreads", "libcthreads\libcthreads.vcproj", "{5C1A1AC0-BA53-4E6C-8D81-0455443FED73}"
	ProjectSection(ProjectDependencies) = postProject
		{F480F61D-4950-4603-9F6F-F95ECC64A31C} = {F480F61D-4950-4603-9F6F-F95ECC64A31C}
	EndProjectSection
EndProject
Project("{8BC9CEB8-8B4A-11D0-8D11-00A0C91BC942}") = "libcpath", "libcpath\libcpath.vcproj", "{D9CF8B05-7395-4338-BAC5-124E72335F21}"
	ProjectSection(ProjectDependencies) = postProject
		{F480F61D-4950-4603-9F6F-F95ECC64A31C} = {F480F61D-4950-4603-9F6F-F95ECC64A31C}
		{670BD730-824A-4304-81D7-DF5B5AE5340C} = {670BD730-824A-4304-81D7-DF5B5AE5340C}
		{4B0DA96F-94B6-4904-9701-3A9371E8914E} = {4B0DA96F-94B6-4904-9701-3A9371E8914E}
		{75064AFE-F331-40B7-AB9C-F0040C889610} = {75064AFE-F331-40B7-AB9C-F0040C889610}
	EndProjectSection
EndProject
Project("{8BC9CEB8-8B4A-11D0-8D11-00A0C91BC942}") = "libhmac", "libhmac\libhmac.vcproj", "{15FA188C-ED14-4CE9-B61C-02EBA70A76C9}"
	ProjectSection(ProjectDependencies) = postProject
		{F480F61D-4950-4603-9F6F-F95ECC64A31C} = {F480F61D-4950-4603-9F6F-F95ECC64A31C}
	EndProjectSection
EndProject
Project("{8BC9CEB8-8B4A-11D0-8D11-00A0C91BC942}") = "libuna", "libuna\libuna.vcproj", "{75064AFE-F331-40B7-AB9C-F0040C889610}"
	ProjectSection(ProjectDependencies) = postProject
		{F480F61D-4950-4603-9F6F-F95ECC64A31C} = {F480F61D-4950-4603-9F6F-F95ECC64A31C}
	EndProjectSection
EndProject
Project("{8BC9CEB8-8B4A-11D0-8D11-00A0C91BC942}") = "libcerror", "libcerror\libcerror.vcproj", "{F480F61D-4950-4603-9F6F-F95ECC64A31C}"
EndProject
Project("{8BC9CEB8-8B4A-11D0-8D11-00A0C91BC942}") = "libcnotify", "libcnotify\libcnotify.vcproj", "{8AA44886-07A3-430D-90E0-F622A051A571}"
	ProjectSection(ProjectDependencies) = postProject
		{F480F61D-4950-4603-9F6F-F95ECC64A31C} = {F480F61D-4950-4603-9F6F-F95ECC64A31C}
	EndProjectSection
EndProject
Project("{8BC9CEB8-8B4A-11D0-8D11-00A0C91BC942}") = "libfsapfs", "libfsapfs\libfsapfs.vcproj", "{66956CAB-8580-4D29-AFA4-49E9934D9E42}"
	ProjectSection(ProjectDependencies) = postProject
		{F480F61D-4950-4603-9F6F-F95ECC64A31C} = {F480F61D-4950-4603-9F6F-F95ECC64A31C}
		{5C1A1AC0-BA53-4E6C-8D81-0455443FED73} = {5C1A1AC0-BA53-4E6C-8D81-0455443FED73}
		{3EAA2B38-404A-4EE2-B675-8E39E41CEBAA} = {3EAA2B38-404A-4EE2-B675-8E39E41CEBAA}
		{670BD730-824A-4304-81D7-DF5B5AE5340C} = {670BD730-824A-4304-81D7-DF5B5AE5340C}
		{8AA44886-07A3-430D-90E0-F622A051A571} = {8AA44886-07A3-430D-90E0-F622A051A571}
		{4B0DA96F-94B6-4904-9701-3A9371E8914E} = {4B0DA96F-94B6-4904-9701-3A9371E8914E}
		{75064AFE-F331-40B7-AB9C-F0040C889610} = {75064AFE-F331-40B7-AB9C-F0040C889610}
		{ABF4D2D6-8EFB-4A8E-815C-C831C9CA3EF2} = {ABF4D2D6-8EFB-4A8E-815C-C831C9CA3EF2}
		{D9CF8B05-7395-4338-BAC5-124E72335F21} = {D9CF8B05-7395-4338-BAC5-124E72335F21}
		{ABB04F9A-768A-4F12-9751-65A0E2F81229} = {ABB04F9A-768A-4F12-9751-65A0E2F81229}
		{4E0DC45C-1C46-4772-BDB5-F79FC1BFB330} = {4E0DC45C-1C46-4772-BDB5-F79FC1BFB330}
		{F5128A58-D76A-4625-958F-5150D0CAC45C} = {F5128A58-D76A-4625-958F-5150D0CAC45C}
		{9BA406EC-23C0-4A43-A97B-ACDA0D131DB4} = {9BA406EC-23C0-4A43-A97B-ACDA0D131DB4}
		{17B4F915-722A-4F8D-AD95-4D1ADD82F3D1} = {17B4F915-722A-4F8D-AD95-4D1ADD82F3D1}
		{15FA188C-ED14-4CE9-B61C-02EBA70A76C9} = {15FA188C-ED14-4CE9-B61C-02EBA70A76C9}
		{429A8D84-27BE-4931-8490-9F5E8FD68A2C} = {429A8D84-27BE-4931-8490-9F5E8FD68A2C}
		{6AF53B72-2046-4B3A-96B3-F72C87E80980} = {6AF53B72-2046-4B3A-96B3-F72C87E80980}
	EndProjectSection
EndProject
Project("{8BC9CEB8-8B4A-11D0-8D11-00A0C91BC942}") = "fsapfsinfo", "fsapfsinfo\fsapfsinfo.vcproj", "{D5AE14B4-69BA-45F5-96D6-BB5B98078B63}"
	ProjectSection(ProjectDependencies) = postProject
		{17B4F915-722A-4F8D-AD95-4D1ADD82F3D1} = {17B4F915-722A-4F8D-AD95-4D1ADD82F3D1}
		{9BA406EC-23C0-4A43-A97B-ACDA0D131DB4} = {9BA406EC-23C0-4A43-A97B-ACDA0D131DB4}
		{ABB04F9A-768A-4F12-9751-65A0E2F81229} = {ABB04F9A-768A-4F12-9751-65A0E2F81229}
		{D9CF8B05-7395-4338-BAC5-124E72335F21} = {D9CF8B05-7395-4338-BAC5-124E72335F21}
		{ABF4D2D6-8EFB-4A8E-815C-C831C9CA3EF2} = {ABF4D2D6-8EFB-4A8E-815C-C831C9CA3EF2}
		{75064AFE-F331-40B7-AB9C-F0040C889610} = {75064AFE-F331-40B7-AB9C-F0040C889610}
		{4B0DA96F-94B6-4904-9701-3A9371E8914E} = {4B0DA96F-94B6-4904-9701-3A9371E8914E}
		{8AA44886-07A3-430D-90E0-F622A051A571} = {8AA44886-07A3-430D-90E0-F622A051A571}
		{670BD730-824A-4304-81D7-DF5B5AE5340C} = {670BD730-824A-4304-81D7-DF5B5AE5340C}
		{3EAA2B38-404A-4EE2-B675-8E39E41CEBAA} = {3EAA2B38-404A-4EE2-B675-8E39E41CEBAA}
		{66956CAB-8580-4D29-AFA4-49E9934D9E42} = {66956CAB-8580-4D29-AFA4-49E9934D9E42}
		{F480F61D-4950-4603-9F6F-F95ECC64A31C} = {F480F61D-4950-4603-9F6F-F95ECC64A31C}
	EndProjectSection
EndProject
Project("{8BC9CEB8-8B4A-11D0-8D11-00A0C91BC942}") = "fsapfsmount", "fsapfsmount\fsapfsmount.vcproj", "{67C5C431-90F7-47E0-996D-C68A91C60E88}"
	ProjectSection(ProjectDependencies) = postProject
		{ABB04F9A-768A-4F12-9751-65A0E2F81229} = {ABB04F9A-768A-4F12-9751-65A0E2F81229}
		{D9CF8B05-7395-4338-BAC5-124E72335F21} = {D9CF8B05-7395-4338-BAC5-124E72335F21}
		{ABF4D2D6-8EFB-4A8E-815C-C831C9CA3EF2} = {ABF4D2D6-8EFB-4A8E-815C-C831C9CA3EF2}
		{75064AFE-F331-40B7-AB9C-F0040C889610} = {75064AFE-F331-40B7-AB9C-F0040C889610}
		{4B0DA96F-94B6-4904-9701-3A9371E8914E} = {4B0DA96F-94B6-4904-9701-3A9371E8914E}
		{8AA44886-07A3-430D-90E0-F622A051A571} = {8AA44886-07A3-430D-90E0-F622A051A571}
		{670BD730-824A-4304-81D7-DF5B5AE5340C} = {670BD730-824A-4304-81D7-DF5B5AE5340C}
		{3EAA2B38-404A-4EE2-B675-8E39E41CEBAA} = {3EAA2B38-404A-4EE2-B675-8E39E41CEBAA}
		{66956CAB-8580-4D29-AFA4-49E9934D9E42} = {66956CAB-8580-4D29-AFA4-49E9934D9E42}
		{F480F61D-4950-4603-9F6F-F95ECC64A31C} = {F480F61D-4950-4603-9F6F-F95ECC64A31C}
	EndProjectSection
EndProject
Project("{8BC9CEB8-8B4A-11D0-8D11-00A0C91BC942}") = "pyfsapfs", "pyfsapfs\pyfsapfs.vcproj", "{D0E2ACB5-0A20-4205-AD07-C16B601ACE99}"
	ProjectSection(ProjectDependencies) = postProject
		{F480F61D-4950-4603-9F6F-F95ECC64A31C} = {F480F61D-4950-4603-9F6F-F95ECC64A31C}
		{66956CAB-8580-4D29-AFA4-49E9934D9E42} = {66956CAB-8580-4D29-AFA4-49E9934D9E42}
		{3EAA2B38-404A-4EE2-B675-8E39E41CEBAA} = {3EAA2B38-404A-4EE2-B675-8E39E41CEBAA}
		{670BD730-824A-4304-81D7-DF5B5AE5340C} = {670BD730-824A-4304-81D7-DF5B5AE5340C}
		{4B0DA96F-94B6-4904-9701-3A9371E8914E} = {4B0DA96F-94B6-4904-9701-3A9371E8914E}
		{75064AFE-F331-40B7-AB9C-F0040C889610} = {75064AFE-F331-40B7-AB9C-F0040C889610}
		{ABF4D2D6-8EFB-4A8E-815C-C831C9CA3EF2} = {ABF4D2D6-8EFB-4A8E-815C-C831C9CA3EF2}
		{D9CF8B05-7395-4338-BAC5-124E72335F21} = {D9CF8B05-7395-4338-BAC5-124E72335F21}
		{ABB04F9A-768A-4F12-9751-65A0E2F81229} = {ABB04F9A-768A-4F12-9751-65A0E2F81229}
		{17B4F915-722A-4F8D-AD95-4D1ADD82F3D1} = {17B4F915-722A-4F8D-AD95-4D1ADD82F3D1}
	EndProjectSection
EndProject
Project("{8BC9CEB8-8B4A-11D0-8D11-00A0C91BC942}") = "libfdata", "libfdata\libfdata.vcproj", "{F5128A58-D76A-4625-958F-5150D0CAC45C}"
	ProjectSection(ProjectDependencies) = postProject
		{F480F61D-4950-4603-9F6F-F95ECC64A31C} = {F480F61D-4950-4603-9F6F-F95ECC64A31C}
		{5C1A1AC0-BA53-4E6C-8D81-0455443FED73} = {5C1A1AC0-BA53-4E6C-8D81-0455443FED73}
		{3EAA2B38-404A-4EE2-B675-8E39E41CEBAA} = {3EAA2B38-404A-4EE2-B675-8E39E41CEBAA}
		{8AA44886-07A3-430D-90E0-F622A051A571} = {8AA44886-07A3-430D-90E0-F622A051A571}
		{4E0DC45C-1C46-4772-BDB5-F79FC1BFB330} = {4E0DC45C-1C46-4772-BDB5-F79FC1BFB330}
	EndProjectSection
EndProject
Project("{8BC9CEB8-8B4A-11D0-8D11-00A0C91BC942}") = "libcdata", "libcdata\libcdata.vcproj", "{3EAA2B38-404A-4EE2-B675-8E39E41CEBAA}"
	ProjectSection(ProjectDependencies) = postProject
		{F480F61D-4950-4603-9F6F-F95ECC64A31C} = {F480F61D-4950-4603-9F6F-F95ECC64A31C}
		{5C1A1AC0-BA53-4E6C-8D81-0455443FED73} = {5C1A1AC0-BA53-4E6C-8D81-0455443FED73}
	EndProjectSection
EndProject
Project("{8BC9CEB8-8B4A-11D0-8D11-00A0C91BC942}") = "libcsplit", "libcsplit\libcsplit.vcproj", "{4B0DA96F-94B6-4904-9701-3A9371E8914E}"
	ProjectSection(ProjectDependencies) = postProject
		{F480F61D-4950-4603-9F6F-F95ECC64A31C} = {F480F61D-4950-4603-9F6F-F95ECC64A31C}
	EndProjectSection
EndProject
Project("{8BC9CEB8-8B4A-11D0-8D11-00A0C91BC942}") = "zlib", "zlib\zlib.vcproj", "{6AF53B72-2046-4B3A-96B3-F72C87E80980}"
EndProject
Global
	GlobalSection(SolutionConfigurationPlatforms) = preSolution
		Release|Win32 = Release|Win32
		VSDebug|Win32 = VSDebug|Win32
	EndGlobalSection
	GlobalSection(ProjectConfigurationPlatforms) = postSolution
		{4E0DC45C-1C46-4772-BDB5-F79FC1BFB330}.Release|Win32.ActiveCfg = Release|Win32
		{4E0DC45C-1C46-4772-BDB5-F79FC1BFB330}.Release|Win32.Build.0 = Release|Win32
		{4E0DC45C-1C46-4772-BDB5-F79FC1BFB330}.VSDebug|Win32.ActiveCfg = VSDebug|Win32
		{4E0DC45C-1C46-4772-BDB5-F79FC1BFB330}.VSDebug|Win32.Build.0 = VSDebug|Win32
		{17B4F915-722A-4F8D-AD95-4D1ADD82F3D1}.Release|Win32.ActiveCfg = Release|Win32
		{17B4F915-722A-4F8D-AD95-4D1ADD82F3D1}.Release|Win32.Build.0 = Release|Win32
		{17B4F915-722A-4F8D-AD95-4D1ADD82F3D1}.VSDebug|Win32.ActiveCfg = VSDebug|Win32
		{17B4F915-722A-4F8D-AD95-4D1ADD82F3D1}.VSDebug|Win32.Build.0 = VSDebug|Win32
		{B8EDED9B-8465-4D96-9C36-0339B9A7FA16}.Release|Win32.ActiveCfg = Release|Win32
		{B8EDED9B-8465-4D96-9C36-0339B9A7FA16}.Release|Win32.Build.0 = Release|Win32
		{B8EDED9B-8465-4D96-9C36-0339B9A7FA16}.VSDebug|Win32.ActiveCfg = VSDebug|Win32
		{B8EDED9B-8465-4D96-9C36-0339B9A7FA16}.VSDebug|Win32.Build.0 = VSDebug|Win32
		{4C7E01E3-B067-4216-921F-593E07E6F843}.Release|Win32.ActiveCfg = Release|Win32
		{4C7E01E3-B067-4216-921F-593E07E6F843}.Release|Win32.Build.0 = Release|Win32
		{4C7E01E3-B067-4216-921F-593E07E6F843}.VSDebug|Win32.ActiveCfg = VSDebug|Win32
		{4C7E01E3-B067-4216-921F-593E07E6F843}.VSDebug|Win32.Build.0 = VSDebug|Win32
		{BDC063AD-1CAF-4D3E-AD0E-B25300C77A2B}.Release|Win32.ActiveCfg = Release|Win32
		{BDC063AD-1CAF-4D3E-AD0E-B25300C77A2B}.Release|Win32.Build.0 = Release|Win32
		{BDC063AD-1CAF-4D3E-AD0E-B25300C77A2B}.VSDebug|Win32.ActiveCfg = VSDebug|Win32
		{BDC063AD-1CAF-4D3E-AD0E-B25300C77A2B}.VSDebug|Win32.Build.0 = VSDebug|Win32
		{E3F76744-7415-4C05-9D98-43A40BF7D010}.Release|Win32.ActiveCfg = Release|Win32
		{E3F76744-7415-4C05-9D98-43A40BF7D010}.Release|Win32.Build.0 = Release|Win32
		{E3F76744-7415-4C05-9D98-43A40BF7D010}.VSDebug|Win32.ActiveCfg = VSDebug|Win32
		{E3F76744-7415-4C05-9D98-43A40BF7D010}.VSDebug|Win32.Build.0 = VSDebug|Win32
		{942BD21F-A71A-4423-A6A1-B7F8BDBAB7F3}.Release|Win32.ActiveCfg = Release|Win32
		{942BD21F-A71A-4423-A6A1-B7F8BDBAB7F3}.Release|Win32.Build.0 = Release|Win32
		{942BD21F-A71A-4423-A6A1-B7F8BDBAB7F3}.VSDebug|Win32.ActiveCfg = VSDebug|Win32
		{942BD21F-A71A-4423-A6A1-B7F8BDBAB7F3}.VSDebug|Win32.Build.0 = VSDebug|Win32
		{D843D749-9B47-4833-8643-B08EE7FB1DF3}.Release|Win32.ActiveCfg = Release|Win32
		{D843D749-9B47-4833-8643-B08EE7FB1DF3}.Release|Win32.Build.0 = Release|Win32
		{D843D749-9B47-4833-8643-B08EE7FB1DF3}.VSDebug|Win32.ActiveCfg = VSDebug|Win32
		{D843D749-9B47-4833-8643-B08EE7FB1DF3}.VSDebug|Win32.Build.0 = VSDebug|Win32
		{697E653E-2AC0-4CBC-9ADD-28E97BF4A4EE}.Release|Win32.ActiveCfg = Release|Win32
		{697E653E-2AC0-4CBC-9ADD-28E97BF4A4EE}.Release|Win32.Build.0 = Release|Win32
		{697E653E-2AC0-4CBC-9ADD-28E97BF4A4EE}.VSDebug|Win32.ActiveCfg = VSDebug|Win32
		{697E653E-2AC0-4CBC-9ADD-28E97BF4A4EE}.VSDebug|Win32.Build.0 = VSDebug|Win32
		{54670300-9762-426C-9A05-EE0028AD8081}.Release|Win32.ActiveCfg = Release|Win32
		{54670300-9762-426C-9A05-EE0028AD8081}.Release|Win32.Build.0 = Release|Win32
		{54670300-9762-426C-9A05-EE0028AD8081}.VSDebug|Win32.ActiveCfg = VSDebug|Win32
		{54670300-9762-426C-9A05-EE0028AD8081}.VSDebug|Win32.Build.0 = VSDebug|Win32
		{69BD1901-531F-449B-B57C-A72A046CEB96}.Release|Win32.ActiveCfg = Release|Win32
		{69BD1901-531F-449B-B57C-A72A046CEB96}.Release|Win32.Build.0 = Release|Win32
		{69BD1901-531F-449B-B57C-A72A046CEB96}.VSDebug|Win32.ActiveCfg = VSDebug|Win32
		{69BD1901-531F-449B-B57C-A72A046CEB96}.VSDebug|Win32.Build.0 = VSDebug|Win32
		{0759FC1E-239B-4AA8-90E0-3DD006550AFE}.Release|Win32.ActiveCfg = Release|Win32
		{0759FC1E-239B-4AA8-90E0-3DD006550AFE}.Release|Win32.Build.0 = Release|Win32
		{0759FC1E-239B-4AA8-90E0-3DD006550AFE}.VSDebug|Win32.ActiveCfg = VSDebug|Win32
		{0759FC1E-239B-4AA8-90E0-3DD006550AFE}.VSDebug|Win32.Build.0 = VSDebug|Win32
		{B9D1B260-1F43-4916-B8DC-E9A9A8D98496}.Release|Win32.ActiveCfg = Release|Win32
		{B9D1B260-1F43-4916-B8DC-E9A9A8D98496}.Release|Win32.Build.0 = Release|Win32
		{B9D1B260-1F43-4916-B8DC-E9A9A8D98496}.VSDebug|Win32.ActiveCfg = VSDebug|Win32
		{B9D1B260-1F43-4916-B8DC-E9A9A8D98496}.VSDebug|Win32.Build.0 = VSDebug|Win32
		{C02ED8FC-1AC6-46CB-A0A2-F41B8ECFCA67}.Release|Win32.ActiveCfg = Release|Win32
		{C02ED8FC-1AC6-46CB-A0A2-F41B8ECFCA67}.Release|Win32.Build.0 = Release|Win32
		{C02ED8FC-1AC6-46CB-A0A2-F41B8ECFCA67}.VSDebug|Win32.ActiveCfg = VSDebug|Win32
		{C02ED8FC-1AC6-46CB-A0A2-F41B8ECFCA67}.VSDebug|Win32.Build.0 = VSDebug|Win32
		{BE397303-FDBC-4D45-A9F2-BC1F3C29B05F}.Release|Win32.ActiveCfg = Release|Win32
		{BE397303-FDBC-4D45-A9F2-BC1F3C29B05F}.Release|Win32.Build.0 = Release|Win32
		{BE397303-FDBC-4D45-A9F2-BC1F3C29B05F}.VSDebug|Win32.ActiveCfg = VSDebug|Win32
		{BE397303-FDBC-4D45-A9F2-BC1F3C29B05F}.VSDebug|Win32.Build.0 = VSDebug|Win32
		{9F5877C6-FA1B-4B54-9A05-CDFA8701A1B4}.Release|Win32.ActiveCfg = Release|Win32
		{9F5877C6-FA1B-4B54-9A05-CDFA8701A1B4}.Release|Win32.Build.0 = Release|Win32
		{9F5877C6-FA1B-4B54-9A05-CDFA8701A1B4}.VSDebug|Win32.ActiveCfg = VSDebug|Win32
		{9F5877C6-FA1B-4B54-9A05-CDFA8701A1B4}.VSDebug|Win32.Build.0 = VSDebug|Win32
		{B8C75A64-9CE8-4CCF-B6B8-F7DA658AB6E2}.Release|Win32.ActiveCfg = Release|Win32
		{B8C75A64-9CE8-4CCF-B6B8-F7DA658AB6E2}.Release|Win32.Build.0 = Release|Win32
		{B8C75A64-9CE8-4CCF-B6B8-F7DA658AB6E2}.VSDebug|Win32.ActiveCfg = VSDebug|Win32
		{B8C75A64-9CE8-4CCF-B6B8-F7DA658AB6E2}.VSDebug|Win32.Build.0 = VSDebug|Win32
		{301E1DCF-F551-40A4-9D0D-E07D48322C15}.Release|Win32.ActiveCfg = Release|Win32
		{301E1DCF-F551-40A4-9D0D-E07D48322C15}.Release|Win32.Build.0 = Release|Win32
		{301E1DCF-F551-40A4-9D0D-E07D48322C15}.VSDebug|Win32.ActiveCfg = VSDebug|Win32
		{301E1DCF-F551-40A4-9D0D-E07D48322C15}.VSDebug|Win32.Build.0 = VSDebug|Win32
		{546056DF-1F2C-4D7B-9368-0D0463FB9442}.Release|Win32.ActiveCfg = Release|Win32
		{546056DF-1F2C-4D7B-9368-0D0463FB9442}.Release|Win32.Build.0 = Release|Win32
		{546056DF-1F2C-4D7B-9368-0D0463FB9442}.VSDebug|Win32.ActiveCfg = VSDebug|Win32
		{546056DF-1F2C-4D7B-9368-0D0463FB9442}.VSDebug|Win32.Build.0 = VSDebug|Win32
		{06D2A2AC-D3A9-4657-92B2-CD3B7C366B97}.Release|Win32.ActiveCfg = Release|Win32
		{06D2A2AC-D3A9-4657-92B2-CD3B7C366B97}.Release|Win32.Build.0 = Release|Win32
		{06D2A2AC-D3A9-4657-92B2-CD3B7C366B97}.VSDebug|Win32.ActiveCfg = VSDebug|Win32
		{06D2A2AC-D3A9-4657-92B2-CD3B7C366B97}.VSDebug|Win32.Build.0 = VSDebug|Win32
		{ECDCDC0D-5D80-40E2-93FB-E0D6231E298B}.Release|Win32.ActiveCfg = Release|Win32
		{ECDCDC0D-5D80-40E2-93FB-E0D6231E298B}.Release|Win32.Build.0 = Release|Win32
		{ECDCDC0D-5D80-40E2-93FB-E0D6231E298B}.VSDebug|Win32.ActiveCfg = VSDebug|Win32
		{ECDCDC0D-5D80-40E2-93FB-E0D6231E298B}.VSDebug|Win32.Build.0 = VSDebug|Win32
		{9A9F6AF5-3D97-469B-8BA4-CE611A595A05}.Release|Win32.ActiveCfg = Release|Win32
		{9A9F6AF5-3D97-469B-8BA4-CE611A595A05}.Release|Win32.Build.0 = Release|Win32
		{9A9F6AF5-3D97-469B-8BA4-CE611A595A05}.VSDebug|Win32.ActiveCfg = VSDebug|Win32
		{9A9F6AF5-3D97-469B-8BA4-CE611A595A05}.VSDebug|Win32.Build.0 = VSDebug|Win32
		{E431B8FB-4EA2-445A-BDD0-AF0AD64F4694}.Release|Win32.ActiveCfg = Release|Win32
		{E431B8FB-4EA2-445A-BDD0-AF0AD64F4694}.Release|Win32.Build.0 = Release|Win32
		{E431B8FB-4EA2-445A-BDD0-AF0AD64F4694}.VSDebug|Win32.ActiveCfg = VSDebug|Win32
		{E431B8FB-4EA2-445A-BDD0-AF0AD64F4694}.VSDebug|Win32.Build.0 = VSDebug|Win32
		{808897C3-261A-4998-B768-1D94B39BD822}.Release|Win32.ActiveCfg = Release|Win32
		{808897C3-261A-4998-B768-1D94B39BD822}.Release|Win32.Build.0 = Release|Win32
		{808897C3-261A-4998-B768-1D94B39BD822}.VSDebug|Win32.ActiveCfg = VSDebug|Win32
		{808897C3-261A-4998-B768-1D94B39BD822}.VSDebug|Win32.Build.0 = VSDebug|Win32
		{A0204F26-F689-478E-9B17-133EA204578A}.Release|Win32.ActiveCfg = Release|Win32
		{A0204F26-F689-478E-9B17-133EA204578A}.Release|Win32.Build.0 = Release|Win32
		{A0204F26-F689-478E-9B17-133EA204578A}.VSDebug|Win32.ActiveCfg = VSDebug|Win32
		{A0204F26-F689-478E-9B17-133EA204578A}.VSDebug|Win32.Build.0 = VSDebug|Win32
		{497F83A7-47D7-43A7-BC60-58C1D35477C1}.Release|Win32.ActiveCfg = Release|Win32
		{497F83A7-47D7-43A7-BC60-58C1D35477C1}.Release|Win32.Build.0 = Release|Win32
		{497F83A7-47D7-43A7-BC60-58C1D35477C1}.VSDebug|Win32.ActiveCfg = VSDebug|Win32
		{497F83A7-47D7-43A7-BC60-58C1D35477C1}.VSDebug|Win32.Build.0 = VSDebug|Win32
		{7B7D2790-992D-4C71-9A46-686C74BF70E7}.Release|Win32.ActiveCfg = Release|Win32
		{7B7D2790-992D-4C71-9A46-686C74BF70E7}.Release|Win32.Build.0 = Release|Win32
		{7B7D2790-992D-4C71-9A46-686C74BF70E7}.VSDebug|Win32.ActiveCfg = VSDebug|Win32
		{7B7D2790-992D-4C71-9A46-686C74BF70E7}.VSDebug|Win32.Build.0 = VSDebug|Win32
		{C8C6C2DC-521B-4CCB-B383-447ED2A5666A}.Release|Win32.ActiveCfg = Release|Win32
		{C8C6C2DC-521B-4CCB-B383-447ED2A5666A}.Release|Win32.Build.0 = Release|Win32
		{C8C6C2DC-521B-4CCB-B383-447ED2A5666A}.VSDebug|Win32.ActiveCfg = VSDebug|Win32
		{C8C6C2DC-521B-4CCB-B383-447ED2A5666A}.VSDebug|Win32.Build.0 = VSDebug|Win32
		{BD7EB542-B085-4FF4-9BA8-0E041B564076}.Release|Win32.ActiveCfg = Release|Win32
		{BD7EB542-B085-4FF4-9BA8-0E041B564076}.Release|Win32.Build.0 = Release|Win32
		{BD7EB542-B085-4FF4-9BA8-0E041B564076}.VSDebug|Win32.ActiveCfg = VSDebug|Win32
		{BD7EB542-B085-4FF4-9BA8-0E041B564076}.VSDebug|Win32.Build.0 = VSDebug|Win32
		{FDEBC536-EE09-4CC9-8255-315A3AEC3371}.Release|Win32.ActiveCfg = Release|Win32
		{FDEBC536-EE09-4CC9-8255-315A3AEC3371}.Release|Win32.Build.0 = Release|Win32
		{FDEBC536-EE09-4CC9-8255-315A3AEC3371}.VSDebug|Win32.ActiveCfg = VSDebug|Win32
		{FDEBC536-EE09-4CC9-8255-315A3AEC3371}.VSDebug|Win32.Build.0 = VSDebug|Win32
		{893381E9-0556-4472-BA4E-DA28153E6996}.Release|Win32.ActiveCfg = Release|Win32
		{893381E9-0556-4472-BA4E-DA28153E6996}.Release|Win32.Build.0 = Release|Win32
		{893381E9-0556-4472-BA4E-DA28153E6996}.VSDebug|Win32.ActiveCfg = VSDebug|Win32
		{893381E9-0556-4472-BA4E-DA28153E6996}.VSDebug|Win32.Build.0 = VSDebug|Win32
		{05349DB9-A9BC-40C7-844E-FDB7E6CED809}.Release|Win32.ActiveCfg = Release|Win32
		{05349DB9-A9BC-40C7-844E-FDB7E6CED809}.Release|Win32.Build.0 = Release|Win32
		{05349DB9-A9BC-40C7-844E-FDB7E6CED809}.VSDebug|Win32.ActiveCfg = VSDebug|Win32
		{05349DB9-A9BC-40C7-844E-FDB7E6CED809}.VSDebug|Win32.Build.0 = VSDebug|Win32
		{029652D2-6E4D-4F98-85FE-1E9A5FD40655}.Release|Win32.ActiveCfg = Release|Win32
		{029652D2-6E4D-4F98-85FE-1E9A5FD40655}.Release|Win32.Build.0 = Release|Win32
		{029652D2-6E4D-4F98-85FE-1E9A5FD40655}.VSDebug|Win32.ActiveCfg = VSDebug|Win32
		{029652D2-6E4D-4F98-85FE-1E9A5FD40655}.VSDebug|Win32.Build.0 = VSDebug|Win32
		{A6353B4A-3ECA-47E5-920E-FABF5E16E5D9}.Release|Win32.ActiveCfg = Release|Win32
		{A6353B4A-3ECA-47E5-920E-FABF5E16E5D9}.Release|Win32.Build.0 = Release|Win32
		{A6353B4A-3ECA-47E5-920E-FABF5E16E5D9}.VSDebug|Win32.ActiveCfg = VSDebug|Win32
		{A6353B4A-3ECA-47E5-920E-FABF5E16E5D9}.VSDebug|Win32.Build.0 = VSDebug|Win32
		{E619F320-5922-4CE7-96B5-6F467B96FCA9}.Release|Win32.ActiveCfg = Release|Win32
		{E619F320-5922-4CE7-96B5-6F467B96FCA9}.Release|Win32.Build.0 = Release|Win32
		{E619F320-5922-4CE7-96B5-6F467B96FCA9}.VSDebug|Win32.ActiveCfg = VSDebug|Win32
		{E619F320-5922-4CE7-96B5-6F467B96FCA9}.VSDebug|Win32.Build.0 = VSDebug|Win32
		{E13FDA80-528E-4E07-BF9D-22C32DAC4EF6}.Release|Win32.ActiveCfg = Release|Win32
		{E13FDA80-528E-4E07-BF9D-22C32DAC4EF6}.Release|Win32.Build.0 = Release|Win32
		{E13FDA80-528E-4E07-BF9D-22C32DAC4EF6}.VSDebug|Win32.ActiveCfg = VSDebug|Win32
		{E13FDA80-528E-4E07-BF9D-22C32DAC4EF6}.VSDebug|Win32.Build.0 = VSDebug|Win32
		{F423DB05-48C6-4CCA-A624-52E022D1C7DE}.Release|Win32.ActiveCfg = Release|Win32
		{F423DB05-48C6-4CCA-A624-52E022D1C7DE}.Release|Win32.Build.0 = Release|Win32
		{F423DB05-48C6-4CCA-A624-52E022D1C7DE}.VSDebug|Win32.ActiveCfg = VSDebug|Win32
		{F423DB05-48C6-4CCA-A624-52E022D1C7DE}.VSDebug|Win32.Build.0 = VSDebug|Win32
		{D2CF9901-13D4-4D6C-87C5-C8C35390AD17}.Release|Win32.ActiveCfg = Release|Win32
		{D2CF9901-13D4-4D6C-87C5-C8C35390AD17}.Release|Win32.Build.0 = Release|Win32
		{D2CF9901-13D4-4D6C-87C5-C8C35390AD17}.VSDebug|Win32.ActiveCfg = VSDebug|Win32
		{D2CF9901-13D4-4D6C-87C5-C8C35390AD17}.VSDebug|Win32.Build.0 = VSDebug|Win32
		{49561C06-C0D3-4782-BB53-724E7C6EC0C7}.Release|Win32.ActiveCfg = Release|Win32
		{49561C06-C0D3-4782-BB53-724E7C6EC0C7}.Release|Win32.Build.0 = Release|Win32
		{49561C06-C0D3-4782-BB53-724E7C6EC0C7}.VSDebug|Win32.ActiveCfg = VSDebug|Win32
		{49561C06-C0D3-4782-BB53-724E7C6EC0C7}.VSDebug|Win32.Build.0 = VSDebug|Win32
		{DACC43EE-AA77-4345-B18A-F2C60B300559}.Release|Win32.ActiveCfg = Release|Win32
		{DACC43EE-AA77-4345-B18A-F2C60B300559}.Release|Win32.Build.0 = Release|Win32
		{DACC43EE-AA77-4345-B18A-F2C60B300559}.VSDebug|Win32.ActiveCfg = VSDebug|Win32
		{DACC43EE-AA77-4345-B18A-F2C60B300559}.VSDebug|Win32.Build.0 = VSDebug|Win32
		{3774E757-22D9-4046-A2E0-0DF89ECB447F}.Release|Win32.ActiveCfg = Release|Win32
		{3774E757-22D9-4046-A2E0-0DF89ECB447F}.Release|Win32.Build.0 = Release|Win32
		{3774E757-22D9-4046-A2E0-0DF89ECB447F}.VSDebug|Win32.ActiveCfg = VSDebug|Win32
		{3774E757-22D9-4046-A2E0-0DF89ECB447F}.VSDebug|Win32.Build.0 = VSDebug|Win32
		{B7EE2B73-58EA-48CB-97B5-2F49EE1C6C23}.Release|Win32.ActiveCfg = Release|Win32
		{B7EE2B73-58EA-48CB-97B5-2F49EE1C6C23}.Release|Win32.Build.0 = Release|Win32
		{B7EE2B73-58EA-48CB-97B5-2F49EE1C6C23}.VSDebug|Win32.ActiveCfg = VSDebug|Win32
		{B7EE2B73-58EA-48CB-97B5-2F49EE1C6C23}.VSDebug|Win32.Build.0 = VSDebug|Win32
		{98CA92D4-AF28-40CE-A177-29BFA4B75677}.Release|Win32.ActiveCfg = Release|Win32
		{98CA92D4-AF28-40CE-A177-29BFA4B75677}.Release|Win32.Build.0 = Release|Win32
		{98CA92D4-AF28-40CE-A177-29BFA4B75677}.VSDebug|Win32.ActiveCfg = VSDebug|Win32
		{98CA92D4-AF28-40CE-A177-29BFA4B75677}.VSDebug|Win32.Build.0 = VSDebug|Win32
		{465C2538-34DF-4167-9B6A-3715451864BA}.Release|Win32.ActiveCfg = Release|Win32
		{465C2538-34DF-4167-9B6A-3715451864BA}.Release|Win32.Build.0 = Release|Win32
		{465C2538-34DF-4167-9B6A-3715451864BA}.VSDebug|Win32.ActiveCfg = VSDebug|Win32
		{465C2538-34DF-4167-9B6A-3715451864BA}.VSDebug|Win32.Build.0 = VSDebug|Win32
		{C9007CC6-9CCD-4FD6-AE12-9D21C5AB6502}.Release|Win32.ActiveCfg = Release|Win32
		{C9007CC6-9CCD-4FD6-AE12-9D21C5AB6502}.Release|Win32.Build.0 = Release|Win32
		{C9007CC6-9CCD-4FD6-AE12-9D21C5AB6502}.VSDebug|Win32.ActiveCfg = VSDebug|Win32
		{C9007CC6-9CCD-4FD6-AE12-9D21C5AB6502}.VSDebug|Win32.Build.0 = VSDebug|Win32
		{83A11D13-0FA1-4873-875A-E6C7EAF6C7EB}.Release|Win32.ActiveCfg = Release|Win32
		{83A11D13-0FA1-4873-875A-E6C7EAF6C7EB}.Release|Win32.Build.0 = Release|Win32
		{83A11D13-0FA1-4873-875A-E6C7EAF6C7EB}.VSDebug|Win32.ActiveCfg = VSDebug|Win32
		{83A11D13-0FA1-4873-875A-E6C7EAF6C7EB}.VSDebug|Win32.Build.0 = VSDebug|Win32
		{4F8ABFD9-0AF9-47FC-BF8F-F6884F4D3A3C}.Release|Win32.ActiveCfg = Release|Win32
		{4F8ABFD9-0AF9-47FC-BF8F-F6884F4D3A3C}.Release|Win32.Build.0 = Release|Win32
		{4F8ABFD9-0AF9-47FC-BF8F-F6884F4D3A3C}.VSDebug|Win32.ActiveCfg = VSDebug|Win32
		{4F8ABFD9-0AF9-47FC-BF8F-F6884F4D3A3C}.VSDebug|Win32.Build.0 = VSDebug|Win32
		{E732C23E-8642-4EFA-A580-1E9D8E6DE090}.Release|Win32.ActiveCfg = Release|Win32
		{E732C23E-8642-4EFA-A580-1E9D8E6DE090}.Release|Win32.Build.0 = Release|Win32
		{E732C23E-8642-4EFA-A580-1E9D8E6DE090}.VSDebug|Win32.ActiveCfg = VSDebug|Win32
		{E732C23E-8642-4EFA-A580-1E9D8E6DE090}.VSDebug|Win32.Build.0 = VSDebug|Win32
		{D69E0261-FD4E-4E82-BC60-67E67C9DD8F7}.Release|Win32.ActiveCfg = Release|Win32
		{D69E0261-FD4E-4E82-BC60-67E67C9DD8F7}.Release|Win32.Build.0 = Release|Win32
		{D69E0261-FD4E-4E82-BC60-67E67C9DD8F7}.VSDebug|Win32.ActiveCfg = VSDebug|Win32
		{D69E0261-FD4E-4E82-BC60-67E67C9DD8F7}.VSDebug|Win32.Build.0 = VSDebug|Win32
		{13978574-75C7-4EFC-9440-F9FBC38DD907}.Release|Win32.ActiveCfg = Release|Win32
		{13978574-75C7-4EFC-9440-F9FBC38DD907}.Release|Win32.Build.0 = Release|Win32
		{13978574-75C7-4EFC-9440-F9FBC38DD907}.VSDebug|Win32.ActiveCfg = VSDebug|Win32
		{13978574-75C7-4EFC-9440-F9FBC38DD907}.VSDebug|Win32.Build.0 = VSDebug|Win32
		{C491D395-BCF3-44BD-8C71-30BB83576FE0}.Release|Win32.ActiveCfg = Release|Win32
		{C491D395-BCF3-44BD-8C71-30BB83576FE0}.Release|Win32.Build.0 = Release|Win32
		{C491D395-BCF3-44BD-8C71-30BB83576FE0}.VSDebug|Win32.ActiveCfg = VSDebug|Win32
		{C491D395-BCF3-44BD-8C71-30BB83576FE0}.VSDebug|Win32.Build.0 = VSDebug|Win32
		{84AB4ABE-3081-443F-9AF5-99B79F08D08F}.Release|Win32.ActiveCfg = Release|Win32
		{84AB4ABE-3081-443F-9AF5-99B79F08D08F}.Release|Win32.Build.0 = Release|Win32
		{84AB4ABE-3081-443F-9AF5-99B79F08D08F}.VSDebug|Win32.ActiveCfg = VSDebug|Win32
		{84AB4ABE-3081-443F-9AF5-99B79F08D08F}.VSDebug|Win32.Build.0 = VSDebug|Win32
		{670BD730-824A-4304-81D7-DF5B5AE5340C}.Release|Win32.ActiveCfg = Release|Win32
		{670BD730-824A-4304-81D7-DF5B5AE5340C}.Release|Win32.Build.0 = Release|Win32
		{670BD730-824A-4304-81D7-DF5B5AE5340C}.VSDebug|Win32.ActiveCfg = VSDebug|Win32
		{670BD730-824A-4304-81D7-DF5B5AE5340C}.VSDebug|Win32.Build.0 = VSDebug|Win32
		{ABB04F9A-768A-4F12-9751-65A0E2F81229}.Release|Win32.ActiveCfg = Release|Win32
		{ABB04F9A-768A-4F12-9751-65A0E2F81229}.Release|Win32.Build.0 = Release|Win32
		{ABB04F9A-768A-4F12-9751-65A0E2F81229}.VSDebug|Win32.ActiveCfg = VSDebug|Win32
		{ABB04F9A-768A-4F12-9751-65A0E2F81229}.VSDebug|Win32.Build.0 = VSDebug|Win32
		{429A8D84-27BE-4931-8490-9F5E8FD68A2C}.Release|Win32.ActiveCfg = Release|Win32
		{429A8D84-27BE-4931-8490-9F5E8FD68A2C}.Release|Win32.Build.0 = Release|Win32
		{429A8D84-27BE-4931-8490-9F5E8FD68A2C}.VSDebug|Win32.ActiveCfg = VSDebug|Win32
		{429A8D84-27BE-4931-8490-9F5E8FD68A2C}.VSDebug|Win32.Build.0 = VSDebug|Win32
		{9BA406EC-23C0-4A43-A97B-ACDA0D131DB4}.Release|Win32.ActiveCfg = Release|Win32
		{9BA406EC-23C0-4A43-A97B-ACDA0D131DB4}.Release|Win32.Build.0 = Release|Win32
		{9BA406EC-23C0-4A43-A97B-ACDA0D131DB4}.VSDebug|Win32.ActiveCfg = VSDebug|Win32
		{9BA406EC-23C0-4A43-A97B-ACDA0D131DB4}.VSDebug|Win32.Build.0 = VSDebug|Win32
		{ABF4D2D6-8EFB-4A8E-815C-C831C9CA3EF2}.Release|Win32.ActiveCfg = Release|Win32
		{ABF4D2D6-8EFB-4A8E-815C-C831C9CA3EF2}.Release|Win32.Build.0 = Release|Win32
		{ABF4D2D6-8EFB-4A8E-815C-C831C9CA3EF2}.VSDebug|Win32.ActiveCfg = VSDebug|Win32
		{ABF4D2D6-8EFB-4A8E-815C-C831C9CA3EF2}.VSDebug|Win32.Build.0 = VSDebug|Win32
		{5C1A1AC0-BA53-4E6C-8D81-0455443FED73}.Release|Win32.ActiveCfg = Release|Win32
		{5C1A1AC0-BA53-4E6C-8D81-0455443FED73}.Release|Win32.Build.0 = Release|Win32
		{5C1A1AC0-BA53-4E6C-8D81-0455443FED73}.VSDebug|Win32.ActiveCfg = VSDebug|Win32
		{5C1A1AC0-BA53-4E6C-8D81-0455443FED73}.VSDebug|Win32.Build.0 = VSDebug|Win32
		{D9CF8B05-7395-4338-BAC5-124E72335F21}.Release|Win32.ActiveCfg = Release|Win32
		{D9CF8B05-7395-4338-BAC5-124E72335F21}.Release|Win32.Build.0 = Release|Win32
		{D9CF8B05-7395-4338-BAC5-124E72335F21}.VSDebug|Win32.ActiveCfg = VSDebug|Win32
		{D9CF8B05-7395-4338-BAC5-124E72335F21}.VSDebug|Win32.Build.0 = VSDebug|Win32
		{15FA188C-ED14-4CE9-B61C-02EBA70A76C9}.Release|Win32.ActiveCfg = Release|Win32
		{15FA188C-ED14-4CE9-B61C-02EBA70A76C9}.Release|Win32.Build.0 = Release|Win32
		{15FA188C-ED14-4CE9-B61C-02EBA70A76C9}.VSDebug|Win32.ActiveCfg = VSDebug|Win32
		{15FA188C-ED14-4CE9-B61C-02EBA70A76C9}.VSDebug|Win32.Build.0 = VSDebug|Win32
		{75064AFE-F331-40B7-AB9C-F0040C889610}.Release|Win32.ActiveCfg = Release|Win32
		{75064AFE-F331-40B7-AB9C-F0040C889610}.Release|Win32.Build.0 = Release|Win32
		{75064AFE-F331-40B7-AB9C-F0040C889610}.VSDebug|Win32.ActiveCfg = VSDebug|Win32
		{75064AFE-F331-40B7-AB9C-F0040C889610}.VSDebug|Win32.Build.0 = VSDebug|Win32
		{F480F61D-4950-4603-9F6F-F95ECC64A31C}.Release|Win32.ActiveCfg = Release|Win32
		{F480F61D-4950-4603-9F6F-F95ECC64A31C}.Release|Win32.Build.0 = Release|Win32
		{F480F61D-4950-4603-9F6F-F95ECC64A31C}.VSDebug|Win32.ActiveCfg = VSDebug|Win32
		{F480F61D-4950-4603-9F6F-F95ECC64A31C}.VSDebug|Win32.Build.0 = VSDebug|Win32
		{8AA44886-07A3-430D-90E0-F622A051A571}.Release|Win32.ActiveCfg = Release|Win32
		{8AA44886-07A3-430D-90E0-F622A051A571}.Release|Win32.Build.0 = Release|Win32
		{8AA44886-07A3-430D-90E0-F622A051A571}.VSDebug|Win32.ActiveCfg = VSDebug|Win32
		{8AA44886-07A3-430D-90E0-F622A051A571}.VSDebug|Win32.Build.0 = VSDebug|Win32
		{66956CAB-8580-4D29-AFA4-49E9934D9E42}.Release|Win32.ActiveCfg = Release|Win32
		{66956CAB-8580-4D29-AFA4-49E9934D9E42}.Release|Win32.Build.0 = Release|Win32
		{66956CAB-8580-4D29-AFA4-49E9934D9E42}.VSDebug|Win32.ActiveCfg = VSDebug|Win32
		{66956CAB-8580-4D29-AFA4-49E9934D9E42}.VSDebug|Win32.Build.0 = VSDebug|Win32
		{D5AE14B4-69BA-45F5-96D6-BB5B98078B63}.Release|Win32.ActiveCfg = Release|Win32
		{D5AE14B4-69BA-45F5-96D6-BB5B98078B63}.Release|Win32.Build.0 = Release|Win32
		{D5AE14B4-69BA-45F5-96D6-BB5B98078B63}.VSDebug|Win32.ActiveCfg = VSDebug|Win32
		{D5AE14B4-69BA-45F5-96D6-BB5B98078B63}.VSDebug|Win32.Build.0 = VSDebug|Win32
		{67C5C431-90F7-47E0-996D-C68A91C60E88}.Release|Win32.ActiveCfg = Release|Win32
		{67C5C431-90F7-47E0-996D-C68A91C60E88}.Release|Win32.Build.0 = Release|Win32
		{67C5C431-90F7-47E0-996D-C68A91C60E88}.VSDebug|Win32.ActiveCfg = VSDebug|Win32
		{67C5C431-90F7-47E0-996D-C68A91C60E88}.VSDebug|Win32.Build.0 = VSDebug|Win32
		{D0E2ACB5-0A20-4205-AD07-C16B601ACE99}.Release|Win32.ActiveCfg = Release|Win32
		{D0E2ACB5-0A20-4205-AD07-C16B601ACE99}.Release|Win32.Build.0 = Release|Win32
		{D0E2ACB5-0A20-4205-AD07-C16B601ACE99}.VSDebug|Win32.ActiveCfg = VSDebug|Win32
		{D0E2ACB5-0A20-4205-AD07-C16B601ACE99}.VSDebug|Win32.Build.0 = VSDebug|Win32
		{F5128A58-D76A-4625-958F-5150D0CAC45C}.Release|Win32.ActiveCfg = Release|Win32
		{F5128A58-D76A-4625-958F-5150D0CAC45C}.Release|Win32.Build.0 = Release|Win32
		{F5128A58-D76A-4625-958F-5150D0CAC45C}.VSDebug|Win32.ActiveCfg = VSDebug|Win32
		{F5128A58-D76A-4625-958F-5150D0CAC45C}.VSDebug|Win32.Build.0 = VSDebug|Win32
		{3EAA2B38-404A-4EE2-B675-8E39E41CEBAA}.Release|Win32.ActiveCfg = Release|Win32
		{3EAA2B38-404A-4EE2-B675-8E39E41CEBAA}.Release|Win32.Build.0 = Release|Win32
		{3EAA2B38-404A-4EE2-B675-8E39E41CEBAA}.VSDebug|Win32.ActiveCfg = VSDebug|Win32
		{3EAA2B38-404A-4EE2-B675-8E39E41CEBAA}.VSDebug|Win32.Build.0 = VSDebug|Win32
		{4B0DA96F-94B6-4904-9701-3A9371E8914E}.Release|Win32.ActiveCfg = Release|Win32
		{4B0DA96F-94B6-4904-9701-3A9371E8914E}.Release|Win32.Build.0 = Release|Win32
		{4B0DA96F-94B6-4904-9701-3A9371E8914E}.VSDebug|Win32.ActiveCfg = VSDebug|Win32
		{4B0DA96F-94B6-4904-9701-3A9371E8914E}.VSDebug|Win32.Build.0 = VSDebug|Win32
		{6AF53B72-2046-4B3A-96B3-F72C87E80980}.Release|Win32.ActiveCfg = Release|Win32
		{6AF53B72-2046-4B3A-96B3-F72C87E80980}.Release|Win32.Build.0 = Release|Win32
		{6AF53B72-2046-4B3A-96B3-F72C87E80980}.VSDebug|Win32.ActiveCfg = VSDebug|Win32
		{6AF53B72-2046-4B3A-96B3-F72C87E80980}.VSDebug|Win32.Build.0 = VSDebug|Win32
	EndGlobalSection
	GlobalSection(SolutionProperties) = preSolution
		HideSolutionNode = FALSE
	EndGlobalSection
EndGlobal
